// !$*UTF8*$!
{
	archiveVersion = 1;
	classes = {
	};
	objectVersion = 56;
	objects = {

/* Begin PBXBuildFile section */
		460671312C7ED9FC009B8AC4 /* testVC-DiaryDetail,EditVC.swift in Sources */ = {isa = PBXBuildFile; fileRef = 460671302C7ED9FC009B8AC4 /* testVC-DiaryDetail,EditVC.swift */; };
		460671352C7F1B33009B8AC4 /* TestVC -BookmarkPostsViewController.swift in Sources */ = {isa = PBXBuildFile; fileRef = 460671342C7F1B33009B8AC4 /* TestVC -BookmarkPostsViewController.swift */; };
		4674B2E02C6464D700BCD451 /* TermsAgreementViewController.swift in Sources */ = {isa = PBXBuildFile; fileRef = 4674B2DF2C6464D700BCD451 /* TermsAgreementViewController.swift */; };
		4674B2E32C64D71700BCD451 /* AuthUser.swift in Sources */ = {isa = PBXBuildFile; fileRef = 4674B2E22C64D71700BCD451 /* AuthUser.swift */; };
		4693FACB2C60A3F200BB70D6 /* SnapKit in Frameworks */ = {isa = PBXBuildFile; productRef = 4693FACA2C60A3F200BB70D6 /* SnapKit */; };
		4693FACD2C60E87100BB70D6 /* DiaryModel.swift in Sources */ = {isa = PBXBuildFile; fileRef = 4693FACC2C60E87100BB70D6 /* DiaryModel.swift */; };
		4693FAD02C60EB5200BB70D6 /* DiaryPostService.swift in Sources */ = {isa = PBXBuildFile; fileRef = 4693FACF2C60EB5200BB70D6 /* DiaryPostService.swift */; };
		469B44382C62F3BC00B1C49B /* SocialLoginButton.swift in Sources */ = {isa = PBXBuildFile; fileRef = 469B44372C62F3BC00B1C49B /* SocialLoginButton.swift */; };
		469B443A2C62FDCA00B1C49B /* LoginViewController.swift in Sources */ = {isa = PBXBuildFile; fileRef = 469B44392C62FDCA00B1C49B /* LoginViewController.swift */; };
		469B443C2C6305E300B1C49B /* AuthService.swift in Sources */ = {isa = PBXBuildFile; fileRef = 469B443B2C6305E300B1C49B /* AuthService.swift */; };
		469B443F2C63116000B1C49B /* GoogleService-Info.plist in Resources */ = {isa = PBXBuildFile; fileRef = 469B443E2C63116000B1C49B /* GoogleService-Info.plist */; };
		469B44472C6315AF00B1C49B /* GoogleSignIn in Frameworks */ = {isa = PBXBuildFile; productRef = 469B44462C6315AF00B1C49B /* GoogleSignIn */; };
		469B44492C6315AF00B1C49B /* GoogleSignInSwift in Frameworks */ = {isa = PBXBuildFile; productRef = 469B44482C6315AF00B1C49B /* GoogleSignInSwift */; };
		46B0D99A2C78C17200697E7E /* PostEditViewController.swift in Sources */ = {isa = PBXBuildFile; fileRef = 46B0D9992C78C17200697E7E /* PostEditViewController.swift */; };
		46B0D99C2C78C18C00697E7E /* PostDetailViewController.swift in Sources */ = {isa = PBXBuildFile; fileRef = 46B0D99B2C78C18C00697E7E /* PostDetailViewController.swift */; };
		46DA262F2C6ED2DB005C7609 /* UserService.swift in Sources */ = {isa = PBXBuildFile; fileRef = 46DA262E2C6ED2DB005C7609 /* UserService.swift */; };
		46DA26332C6EE198005C7609 /* UserModel.swift in Sources */ = {isa = PBXBuildFile; fileRef = 46DA26322C6EE198005C7609 /* UserModel.swift */; };
		46E23B212C6606620059BB62 /* KakaoSDK in Frameworks */ = {isa = PBXBuildFile; productRef = 46E23B202C6606620059BB62 /* KakaoSDK */; };
		46E23B232C6606620059BB62 /* KakaoSDKAuth in Frameworks */ = {isa = PBXBuildFile; productRef = 46E23B222C6606620059BB62 /* KakaoSDKAuth */; };
		46E23B252C6606620059BB62 /* KakaoSDKCert in Frameworks */ = {isa = PBXBuildFile; productRef = 46E23B242C6606620059BB62 /* KakaoSDKCert */; };
		46E23B272C6606620059BB62 /* KakaoSDKCommon in Frameworks */ = {isa = PBXBuildFile; productRef = 46E23B262C6606620059BB62 /* KakaoSDKCommon */; };
		46E23B292C6606620059BB62 /* KakaoSDKUser in Frameworks */ = {isa = PBXBuildFile; productRef = 46E23B282C6606620059BB62 /* KakaoSDKUser */; };
		46E37FCE2C7EAF9B006F6E2A /* testVC - GrowthDiaryEditViewController.swift in Sources */ = {isa = PBXBuildFile; fileRef = 46E37FCD2C7EAF9B006F6E2A /* testVC - GrowthDiaryEditViewController.swift */; };
		46F0F7EE2C6AE46400444C98 /* LoginView.swift in Sources */ = {isa = PBXBuildFile; fileRef = 46F0F7ED2C6AE46400444C98 /* LoginView.swift */; };
		46F0F7F52C6B286300444C98 /* CommunityService.swift in Sources */ = {isa = PBXBuildFile; fileRef = 46F0F7F42C6B286300444C98 /* CommunityService.swift */; };
		46F0F7F92C6D997800444C98 /* PostModel.swift in Sources */ = {isa = PBXBuildFile; fileRef = 46F0F7F82C6D997800444C98 /* PostModel.swift */; };
		5805AE192C7216CB00AB6ED9 /* CommentTableViewCell.swift in Sources */ = {isa = PBXBuildFile; fileRef = 5805AE182C7216CB00AB6ED9 /* CommentTableViewCell.swift */; };
		580E1AC12C7E421B00CD3A91 /* PHPickerCollectionViewCell.swift in Sources */ = {isa = PBXBuildFile; fileRef = 580E1AC02C7E421B00CD3A91 /* PHPickerCollectionViewCell.swift */; };
		583511FF2C692FBA00E7D63F /* CommunityDetailViewController.swift in Sources */ = {isa = PBXBuildFile; fileRef = 583511FE2C692FBA00E7D63F /* CommunityDetailViewController.swift */; };
		58418D6F2C63FA3F004E738E /* CommunityTableViewCell.swift in Sources */ = {isa = PBXBuildFile; fileRef = 58418D6E2C63FA3F004E738E /* CommunityTableViewCell.swift */; };
		5881F0202C73122500FBB13E /* CommunityListView.swift in Sources */ = {isa = PBXBuildFile; fileRef = 5881F01F2C73122500FBB13E /* CommunityListView.swift */; };
		58833C222C5FDE05005C2160 /* FirebaseAnalytics in Frameworks */ = {isa = PBXBuildFile; productRef = 58833C212C5FDE05005C2160 /* FirebaseAnalytics */; };
		58833C242C5FDE05005C2160 /* FirebaseAuth in Frameworks */ = {isa = PBXBuildFile; productRef = 58833C232C5FDE05005C2160 /* FirebaseAuth */; };
		58833C262C5FDE05005C2160 /* FirebaseFirestore in Frameworks */ = {isa = PBXBuildFile; productRef = 58833C252C5FDE05005C2160 /* FirebaseFirestore */; };
		58833C282C5FDE05005C2160 /* FirebaseFunctions in Frameworks */ = {isa = PBXBuildFile; productRef = 58833C272C5FDE05005C2160 /* FirebaseFunctions */; };
		58833C2A2C5FDE05005C2160 /* FirebaseInAppMessaging-Beta in Frameworks */ = {isa = PBXBuildFile; productRef = 58833C292C5FDE05005C2160 /* FirebaseInAppMessaging-Beta */; };
		58833C2C2C5FDE05005C2160 /* FirebaseMessaging in Frameworks */ = {isa = PBXBuildFile; productRef = 58833C2B2C5FDE05005C2160 /* FirebaseMessaging */; };
		58833C2E2C5FDE05005C2160 /* FirebaseStorage in Frameworks */ = {isa = PBXBuildFile; productRef = 58833C2D2C5FDE05005C2160 /* FirebaseStorage */; };
		588CE3D62C524EA900338878 /* AppDelegate.swift in Sources */ = {isa = PBXBuildFile; fileRef = 588CE3D52C524EA900338878 /* AppDelegate.swift */; };
		588CE3D82C524EA900338878 /* SceneDelegate.swift in Sources */ = {isa = PBXBuildFile; fileRef = 588CE3D72C524EA900338878 /* SceneDelegate.swift */; };
		588CE3DA2C524EA900338878 /* ViewController.swift in Sources */ = {isa = PBXBuildFile; fileRef = 588CE3D92C524EA900338878 /* ViewController.swift */; };
		588CE3DF2C524EAA00338878 /* Assets.xcassets in Resources */ = {isa = PBXBuildFile; fileRef = 588CE3DE2C524EAA00338878 /* Assets.xcassets */; };
		588CE3E22C524EAA00338878 /* Base in Resources */ = {isa = PBXBuildFile; fileRef = 588CE3E12C524EAA00338878 /* Base */; };
		589CCFFB2C608FDE00812D17 /* TestModel.swift in Sources */ = {isa = PBXBuildFile; fileRef = 589CCFFA2C608FDE00812D17 /* TestModel.swift */; };
		589CCFFD2C608FF100812D17 /* ProfileViewController.swift in Sources */ = {isa = PBXBuildFile; fileRef = 589CCFFC2C608FF100812D17 /* ProfileViewController.swift */; };
		589CCFFF2C608FFF00812D17 /* CommunityViewController.swift in Sources */ = {isa = PBXBuildFile; fileRef = 589CCFFE2C608FFF00812D17 /* CommunityViewController.swift */; };
		589CD0012C60901500812D17 /* GrowthDiaryViewController.swift in Sources */ = {isa = PBXBuildFile; fileRef = 589CD0002C60901500812D17 /* GrowthDiaryViewController.swift */; };
		58C61A042C7A530F00E1FD3A /* KeyboardDelegate.swift in Sources */ = {isa = PBXBuildFile; fileRef = 58C61A032C7A530F00E1FD3A /* KeyboardDelegate.swift */; };
		58F3F6402C772E6B00FDABD1 /* CommunityDetailView.swift in Sources */ = {isa = PBXBuildFile; fileRef = 58F3F63F2C772E6B00FDABD1 /* CommunityDetailView.swift */; };
		58F3F6422C781DF500FDABD1 /* AddPostViewController.swift in Sources */ = {isa = PBXBuildFile; fileRef = 58F3F6412C781DF500FDABD1 /* AddPostViewController.swift */; };
		58F3F6442C781F1400FDABD1 /* AddPostView.swift in Sources */ = {isa = PBXBuildFile; fileRef = 58F3F6432C781F1400FDABD1 /* AddPostView.swift */; };
		793E9CE12C7CDF8F00DB4B30 /* DropDownView.swift in Sources */ = {isa = PBXBuildFile; fileRef = 793E9CE02C7CDF8F00DB4B30 /* DropDownView.swift */; };
		793E9CE52C7DD19000DB4B30 /* AddGrowthDiaryViewController.swift in Sources */ = {isa = PBXBuildFile; fileRef = 793E9CE42C7DD19000DB4B30 /* AddGrowthDiaryViewController.swift */; };
		7968449C2C6AEC7100765A80 /* Spacing.swift in Sources */ = {isa = PBXBuildFile; fileRef = 7968449B2C6AEC7100765A80 /* Spacing.swift */; };
		7968449E2C6B3DE600765A80 /* GrowthDiaryListCollectionViewCell.swift in Sources */ = {isa = PBXBuildFile; fileRef = 7968449D2C6B3DE600765A80 /* GrowthDiaryListCollectionViewCell.swift */; };
		798476412C70E05200895D2D /* EmptyView.swift in Sources */ = {isa = PBXBuildFile; fileRef = 798476402C70E05200895D2D /* EmptyView.swift */; };
		7994BDA42C7E415B00ADE7A7 /* Extension.swift in Sources */ = {isa = PBXBuildFile; fileRef = 7994BDA32C7E415A00ADE7A7 /* Extension.swift */; };
		79A1AE4A2C6A088D00D5711B /* TabbarViewController.swift in Sources */ = {isa = PBXBuildFile; fileRef = 79A1AE492C6A088D00D5711B /* TabbarViewController.swift */; };
		79AA14992C69C2F1009F8209 /* GrowthDiaryListView.swift in Sources */ = {isa = PBXBuildFile; fileRef = 79AA14982C69C2F1009F8209 /* GrowthDiaryListView.swift */; };
		79BCE2722C72DB01002F630C /* AddGrowthDiaryView.swift in Sources */ = {isa = PBXBuildFile; fileRef = 79BCE2712C72DB01002F630C /* AddGrowthDiaryView.swift */; };
		79BCE2742C72F775002F630C /* FontWeightLabel.swift in Sources */ = {isa = PBXBuildFile; fileRef = 79BCE2732C72F775002F630C /* FontWeightLabel.swift */; };
		79FB0EA02C8340A6009ACD94 /* Kingfisher in Frameworks */ = {isa = PBXBuildFile; productRef = 79FB0E9F2C8340A6009ACD94 /* Kingfisher */; };
		9F2BD4342C75C4B5006FDD69 /* SpecialPlusButtonView.swift in Sources */ = {isa = PBXBuildFile; fileRef = 9F2BD4332C75C4B5006FDD69 /* SpecialPlusButtonView.swift */; };
		9F2BD4362C75C4EC006FDD69 /* SpecialListViewCell.swift in Sources */ = {isa = PBXBuildFile; fileRef = 9F2BD4352C75C4EC006FDD69 /* SpecialListViewCell.swift */; };
		9F2BD43A2C75C555006FDD69 /* SpecialDetailViewController.swift in Sources */ = {isa = PBXBuildFile; fileRef = 9F2BD4392C75C555006FDD69 /* SpecialDetailViewController.swift */; };
		9F2BD43C2C75C577006FDD69 /* SpecialEditViewController.swift in Sources */ = {isa = PBXBuildFile; fileRef = 9F2BD43B2C75C577006FDD69 /* SpecialEditViewController.swift */; };
		9F2BD43F2C7BCD68006FDD69 /* SpecialListViewController.swift in Sources */ = {isa = PBXBuildFile; fileRef = 9F2BD43E2C7BCD68006FDD69 /* SpecialListViewController.swift */; };
		9F2BD4412C7BCD8B006FDD69 /* SpecialListView.swift in Sources */ = {isa = PBXBuildFile; fileRef = 9F2BD4402C7BCD8B006FDD69 /* SpecialListView.swift */; };
		9F2BD4432C7BE977006FDD69 /* SpecialEditView.swift in Sources */ = {isa = PBXBuildFile; fileRef = 9F2BD4422C7BE977006FDD69 /* SpecialEditView.swift */; };
		9F2BD4452C7BF803006FDD69 /* SpecialDetailView.swift in Sources */ = {isa = PBXBuildFile; fileRef = 9F2BD4442C7BF803006FDD69 /* SpecialDetailView.swift */; };
		9F2BD4472C80EF40006FDD69 /* SpecialPHPickerCollectionViewCell.swift in Sources */ = {isa = PBXBuildFile; fileRef = 9F2BD4462C80EF40006FDD69 /* SpecialPHPickerCollectionViewCell.swift */; };
		C12FC0ED2C790CA3000BB52E /* BlockUserView.swift in Sources */ = {isa = PBXBuildFile; fileRef = C12FC0EC2C790CA3000BB52E /* BlockUserView.swift */; };
		C12FC0EF2C790D19000BB52E /* ProfileView.swift in Sources */ = {isa = PBXBuildFile; fileRef = C12FC0EE2C790D19000BB52E /* ProfileView.swift */; };
		C14FF35E2C75DB1000089C6D /* EditUserInfoViewController.swift in Sources */ = {isa = PBXBuildFile; fileRef = C14FF35D2C75DB1000089C6D /* EditUserInfoViewController.swift */; };
		C14FF36B2C75DB2800089C6D /* BlockUserViewController.swift in Sources */ = {isa = PBXBuildFile; fileRef = C14FF35F2C75DB2800089C6D /* BlockUserViewController.swift */; };
		C14FF36C2C75DB2800089C6D /* BlockUserTableViewCell.swift in Sources */ = {isa = PBXBuildFile; fileRef = C14FF3602C75DB2800089C6D /* BlockUserTableViewCell.swift */; };
		C14FF36D2C75DB2800089C6D /* WritePostListTableViewCell.swift in Sources */ = {isa = PBXBuildFile; fileRef = C14FF3622C75DB2800089C6D /* WritePostListTableViewCell.swift */; };
		C14FF36E2C75DB2800089C6D /* WritePostListViewController.swift in Sources */ = {isa = PBXBuildFile; fileRef = C14FF3632C75DB2800089C6D /* WritePostListViewController.swift */; };
		C14FF36F2C75DB2800089C6D /* LikePostTableViewCell.swift in Sources */ = {isa = PBXBuildFile; fileRef = C14FF3652C75DB2800089C6D /* LikePostTableViewCell.swift */; };
		C14FF3702C75DB2800089C6D /* LikePostViewController.swift in Sources */ = {isa = PBXBuildFile; fileRef = C14FF3662C75DB2800089C6D /* LikePostViewController.swift */; };
		C14FF3712C75DB2800089C6D /* WriteReplyListTableViewCell.swift in Sources */ = {isa = PBXBuildFile; fileRef = C14FF3682C75DB2800089C6D /* WriteReplyListTableViewCell.swift */; };
		C14FF3722C75DB2800089C6D /* WriteReplyListViewController.swift in Sources */ = {isa = PBXBuildFile; fileRef = C14FF3692C75DB2800089C6D /* WriteReplyListViewController.swift */; };
		C14FF3742C75DB4100089C6D /* ReptileViewController.swift in Sources */ = {isa = PBXBuildFile; fileRef = C14FF3732C75DB4100089C6D /* ReptileViewController.swift */; };
		C154FA1A2C7C0F2C00624AA3 /* LikePostView.swift in Sources */ = {isa = PBXBuildFile; fileRef = C154FA192C7C0F2C00624AA3 /* LikePostView.swift */; };
		C154FA1C2C7C11B500624AA3 /* WriteReplyListView.swift in Sources */ = {isa = PBXBuildFile; fileRef = C154FA1B2C7C11B500624AA3 /* WriteReplyListView.swift */; };
		C154FA1E2C7C15D600624AA3 /* WritePostListView.swift in Sources */ = {isa = PBXBuildFile; fileRef = C154FA1D2C7C15D600624AA3 /* WritePostListView.swift */; };
		C154FA222C7C4D9F00624AA3 /* EditUserInfoView.swift in Sources */ = {isa = PBXBuildFile; fileRef = C154FA212C7C4D9F00624AA3 /* EditUserInfoView.swift */; };
/* End PBXBuildFile section */

/* Begin PBXCopyFilesBuildPhase section */
		467AB03B2C609BD40054E36D /* Embed Frameworks */ = {
			isa = PBXCopyFilesBuildPhase;
			buildActionMask = 2147483647;
			dstPath = "";
			dstSubfolderSpec = 10;
			files = (
			);
			name = "Embed Frameworks";
			runOnlyForDeploymentPostprocessing = 0;
		};
/* End PBXCopyFilesBuildPhase section */

/* Begin PBXFileReference section */
		460671302C7ED9FC009B8AC4 /* testVC-DiaryDetail,EditVC.swift */ = {isa = PBXFileReference; lastKnownFileType = sourcecode.swift; path = "testVC-DiaryDetail,EditVC.swift"; sourceTree = "<group>"; };
		460671342C7F1B33009B8AC4 /* TestVC -BookmarkPostsViewController.swift */ = {isa = PBXFileReference; lastKnownFileType = sourcecode.swift; path = "TestVC -BookmarkPostsViewController.swift"; sourceTree = "<group>"; };
		4674B2DF2C6464D700BCD451 /* TermsAgreementViewController.swift */ = {isa = PBXFileReference; lastKnownFileType = sourcecode.swift; path = TermsAgreementViewController.swift; sourceTree = "<group>"; };
		4674B2E22C64D71700BCD451 /* AuthUser.swift */ = {isa = PBXFileReference; lastKnownFileType = sourcecode.swift; path = AuthUser.swift; sourceTree = "<group>"; };
		4693FACC2C60E87100BB70D6 /* DiaryModel.swift */ = {isa = PBXFileReference; lastKnownFileType = sourcecode.swift; path = DiaryModel.swift; sourceTree = "<group>"; };
		4693FACF2C60EB5200BB70D6 /* DiaryPostService.swift */ = {isa = PBXFileReference; lastKnownFileType = sourcecode.swift; path = DiaryPostService.swift; sourceTree = "<group>"; };
		469B44372C62F3BC00B1C49B /* SocialLoginButton.swift */ = {isa = PBXFileReference; lastKnownFileType = sourcecode.swift; path = SocialLoginButton.swift; sourceTree = "<group>"; };
		469B44392C62FDCA00B1C49B /* LoginViewController.swift */ = {isa = PBXFileReference; lastKnownFileType = sourcecode.swift; path = LoginViewController.swift; sourceTree = "<group>"; };
		469B443B2C6305E300B1C49B /* AuthService.swift */ = {isa = PBXFileReference; lastKnownFileType = sourcecode.swift; path = AuthService.swift; sourceTree = "<group>"; };
		469B443D2C6308B300B1C49B /* ReptileHub.entitlements */ = {isa = PBXFileReference; lastKnownFileType = text.plist.entitlements; path = ReptileHub.entitlements; sourceTree = "<group>"; };
		469B443E2C63116000B1C49B /* GoogleService-Info.plist */ = {isa = PBXFileReference; fileEncoding = 4; lastKnownFileType = text.plist.xml; path = "GoogleService-Info.plist"; sourceTree = "<group>"; };
		46B0D9992C78C17200697E7E /* PostEditViewController.swift */ = {isa = PBXFileReference; lastKnownFileType = sourcecode.swift; path = PostEditViewController.swift; sourceTree = "<group>"; };
		46B0D99B2C78C18C00697E7E /* PostDetailViewController.swift */ = {isa = PBXFileReference; lastKnownFileType = sourcecode.swift; path = PostDetailViewController.swift; sourceTree = "<group>"; };
		46DA262E2C6ED2DB005C7609 /* UserService.swift */ = {isa = PBXFileReference; lastKnownFileType = sourcecode.swift; path = UserService.swift; sourceTree = "<group>"; };
		46DA26322C6EE198005C7609 /* UserModel.swift */ = {isa = PBXFileReference; lastKnownFileType = sourcecode.swift; path = UserModel.swift; sourceTree = "<group>"; };
		46E37FCD2C7EAF9B006F6E2A /* testVC - GrowthDiaryEditViewController.swift */ = {isa = PBXFileReference; lastKnownFileType = sourcecode.swift; path = "testVC - GrowthDiaryEditViewController.swift"; sourceTree = "<group>"; };
		46F0F7ED2C6AE46400444C98 /* LoginView.swift */ = {isa = PBXFileReference; lastKnownFileType = sourcecode.swift; path = LoginView.swift; sourceTree = "<group>"; };
		46F0F7F42C6B286300444C98 /* CommunityService.swift */ = {isa = PBXFileReference; lastKnownFileType = sourcecode.swift; path = CommunityService.swift; sourceTree = "<group>"; };
		46F0F7F82C6D997800444C98 /* PostModel.swift */ = {isa = PBXFileReference; lastKnownFileType = sourcecode.swift; path = PostModel.swift; sourceTree = "<group>"; };
		5805AE182C7216CB00AB6ED9 /* CommentTableViewCell.swift */ = {isa = PBXFileReference; lastKnownFileType = sourcecode.swift; path = CommentTableViewCell.swift; sourceTree = "<group>"; };
		580E1AC02C7E421B00CD3A91 /* PHPickerCollectionViewCell.swift */ = {isa = PBXFileReference; lastKnownFileType = sourcecode.swift; path = PHPickerCollectionViewCell.swift; sourceTree = "<group>"; };
		583511FE2C692FBA00E7D63F /* CommunityDetailViewController.swift */ = {isa = PBXFileReference; lastKnownFileType = sourcecode.swift; path = CommunityDetailViewController.swift; sourceTree = "<group>"; };
		58418D6E2C63FA3F004E738E /* CommunityTableViewCell.swift */ = {isa = PBXFileReference; lastKnownFileType = sourcecode.swift; path = CommunityTableViewCell.swift; sourceTree = "<group>"; };
		5881F01F2C73122500FBB13E /* CommunityListView.swift */ = {isa = PBXFileReference; lastKnownFileType = sourcecode.swift; path = CommunityListView.swift; sourceTree = "<group>"; };
		588CE3D22C524EA900338878 /* ReptileHub.app */ = {isa = PBXFileReference; explicitFileType = wrapper.application; includeInIndex = 0; path = ReptileHub.app; sourceTree = BUILT_PRODUCTS_DIR; };
		588CE3D52C524EA900338878 /* AppDelegate.swift */ = {isa = PBXFileReference; lastKnownFileType = sourcecode.swift; path = AppDelegate.swift; sourceTree = "<group>"; };
		588CE3D72C524EA900338878 /* SceneDelegate.swift */ = {isa = PBXFileReference; lastKnownFileType = sourcecode.swift; path = SceneDelegate.swift; sourceTree = "<group>"; };
		588CE3D92C524EA900338878 /* ViewController.swift */ = {isa = PBXFileReference; lastKnownFileType = sourcecode.swift; path = ViewController.swift; sourceTree = "<group>"; };
		588CE3DE2C524EAA00338878 /* Assets.xcassets */ = {isa = PBXFileReference; lastKnownFileType = folder.assetcatalog; path = Assets.xcassets; sourceTree = "<group>"; };
		588CE3E12C524EAA00338878 /* Base */ = {isa = PBXFileReference; lastKnownFileType = file.storyboard; name = Base; path = Base.lproj/LaunchScreen.storyboard; sourceTree = "<group>"; };
		588CE3E32C524EAA00338878 /* Info.plist */ = {isa = PBXFileReference; lastKnownFileType = text.plist.xml; path = Info.plist; sourceTree = "<group>"; };
		589CCFFA2C608FDE00812D17 /* TestModel.swift */ = {isa = PBXFileReference; lastKnownFileType = sourcecode.swift; path = TestModel.swift; sourceTree = "<group>"; };
		589CCFFC2C608FF100812D17 /* ProfileViewController.swift */ = {isa = PBXFileReference; lastKnownFileType = sourcecode.swift; path = ProfileViewController.swift; sourceTree = "<group>"; };
		589CCFFE2C608FFF00812D17 /* CommunityViewController.swift */ = {isa = PBXFileReference; lastKnownFileType = sourcecode.swift; path = CommunityViewController.swift; sourceTree = "<group>"; };
		589CD0002C60901500812D17 /* GrowthDiaryViewController.swift */ = {isa = PBXFileReference; lastKnownFileType = sourcecode.swift; path = GrowthDiaryViewController.swift; sourceTree = "<group>"; };
		58C61A032C7A530F00E1FD3A /* KeyboardDelegate.swift */ = {isa = PBXFileReference; lastKnownFileType = sourcecode.swift; path = KeyboardDelegate.swift; sourceTree = "<group>"; };
		58F3F63F2C772E6B00FDABD1 /* CommunityDetailView.swift */ = {isa = PBXFileReference; lastKnownFileType = sourcecode.swift; path = CommunityDetailView.swift; sourceTree = "<group>"; };
		58F3F6412C781DF500FDABD1 /* AddPostViewController.swift */ = {isa = PBXFileReference; lastKnownFileType = sourcecode.swift; path = AddPostViewController.swift; sourceTree = "<group>"; };
		58F3F6432C781F1400FDABD1 /* AddPostView.swift */ = {isa = PBXFileReference; lastKnownFileType = sourcecode.swift; path = AddPostView.swift; sourceTree = "<group>"; };
		793E9CE02C7CDF8F00DB4B30 /* DropDownView.swift */ = {isa = PBXFileReference; lastKnownFileType = sourcecode.swift; path = DropDownView.swift; sourceTree = "<group>"; };
		793E9CE42C7DD19000DB4B30 /* AddGrowthDiaryViewController.swift */ = {isa = PBXFileReference; lastKnownFileType = sourcecode.swift; path = AddGrowthDiaryViewController.swift; sourceTree = "<group>"; };
		7968449B2C6AEC7100765A80 /* Spacing.swift */ = {isa = PBXFileReference; lastKnownFileType = sourcecode.swift; path = Spacing.swift; sourceTree = "<group>"; };
		7968449D2C6B3DE600765A80 /* GrowthDiaryListCollectionViewCell.swift */ = {isa = PBXFileReference; lastKnownFileType = sourcecode.swift; path = GrowthDiaryListCollectionViewCell.swift; sourceTree = "<group>"; };
		798476402C70E05200895D2D /* EmptyView.swift */ = {isa = PBXFileReference; lastKnownFileType = sourcecode.swift; path = EmptyView.swift; sourceTree = "<group>"; };
		7994BDA32C7E415A00ADE7A7 /* Extension.swift */ = {isa = PBXFileReference; lastKnownFileType = sourcecode.swift; path = Extension.swift; sourceTree = "<group>"; };
		79A1AE492C6A088D00D5711B /* TabbarViewController.swift */ = {isa = PBXFileReference; fileEncoding = 4; lastKnownFileType = sourcecode.swift; path = TabbarViewController.swift; sourceTree = "<group>"; };
		79AA14982C69C2F1009F8209 /* GrowthDiaryListView.swift */ = {isa = PBXFileReference; lastKnownFileType = sourcecode.swift; path = GrowthDiaryListView.swift; sourceTree = "<group>"; };
		79BCE2712C72DB01002F630C /* AddGrowthDiaryView.swift */ = {isa = PBXFileReference; lastKnownFileType = sourcecode.swift; path = AddGrowthDiaryView.swift; sourceTree = "<group>"; };
		79BCE2732C72F775002F630C /* FontWeightLabel.swift */ = {isa = PBXFileReference; lastKnownFileType = sourcecode.swift; path = FontWeightLabel.swift; sourceTree = "<group>"; };
		9F2BD4332C75C4B5006FDD69 /* SpecialPlusButtonView.swift */ = {isa = PBXFileReference; lastKnownFileType = sourcecode.swift; path = SpecialPlusButtonView.swift; sourceTree = "<group>"; };
		9F2BD4352C75C4EC006FDD69 /* SpecialListViewCell.swift */ = {isa = PBXFileReference; lastKnownFileType = sourcecode.swift; path = SpecialListViewCell.swift; sourceTree = "<group>"; };
		9F2BD4392C75C555006FDD69 /* SpecialDetailViewController.swift */ = {isa = PBXFileReference; lastKnownFileType = sourcecode.swift; path = SpecialDetailViewController.swift; sourceTree = "<group>"; };
		9F2BD43B2C75C577006FDD69 /* SpecialEditViewController.swift */ = {isa = PBXFileReference; lastKnownFileType = sourcecode.swift; path = SpecialEditViewController.swift; sourceTree = "<group>"; };
		9F2BD43E2C7BCD68006FDD69 /* SpecialListViewController.swift */ = {isa = PBXFileReference; lastKnownFileType = sourcecode.swift; path = SpecialListViewController.swift; sourceTree = "<group>"; };
		9F2BD4402C7BCD8B006FDD69 /* SpecialListView.swift */ = {isa = PBXFileReference; lastKnownFileType = sourcecode.swift; path = SpecialListView.swift; sourceTree = "<group>"; };
		9F2BD4422C7BE977006FDD69 /* SpecialEditView.swift */ = {isa = PBXFileReference; lastKnownFileType = sourcecode.swift; path = SpecialEditView.swift; sourceTree = "<group>"; };
		9F2BD4442C7BF803006FDD69 /* SpecialDetailView.swift */ = {isa = PBXFileReference; lastKnownFileType = sourcecode.swift; path = SpecialDetailView.swift; sourceTree = "<group>"; };
		9F2BD4462C80EF40006FDD69 /* SpecialPHPickerCollectionViewCell.swift */ = {isa = PBXFileReference; lastKnownFileType = sourcecode.swift; path = SpecialPHPickerCollectionViewCell.swift; sourceTree = "<group>"; };
		C12FC0EC2C790CA3000BB52E /* BlockUserView.swift */ = {isa = PBXFileReference; lastKnownFileType = sourcecode.swift; path = BlockUserView.swift; sourceTree = "<group>"; };
		C12FC0EE2C790D19000BB52E /* ProfileView.swift */ = {isa = PBXFileReference; lastKnownFileType = sourcecode.swift; path = ProfileView.swift; sourceTree = "<group>"; };
		C14FF35D2C75DB1000089C6D /* EditUserInfoViewController.swift */ = {isa = PBXFileReference; fileEncoding = 4; lastKnownFileType = sourcecode.swift; path = EditUserInfoViewController.swift; sourceTree = "<group>"; };
		C14FF35F2C75DB2800089C6D /* BlockUserViewController.swift */ = {isa = PBXFileReference; fileEncoding = 4; lastKnownFileType = sourcecode.swift; path = BlockUserViewController.swift; sourceTree = "<group>"; };
		C14FF3602C75DB2800089C6D /* BlockUserTableViewCell.swift */ = {isa = PBXFileReference; fileEncoding = 4; lastKnownFileType = sourcecode.swift; path = BlockUserTableViewCell.swift; sourceTree = "<group>"; };
		C14FF3622C75DB2800089C6D /* WritePostListTableViewCell.swift */ = {isa = PBXFileReference; fileEncoding = 4; lastKnownFileType = sourcecode.swift; path = WritePostListTableViewCell.swift; sourceTree = "<group>"; };
		C14FF3632C75DB2800089C6D /* WritePostListViewController.swift */ = {isa = PBXFileReference; fileEncoding = 4; lastKnownFileType = sourcecode.swift; path = WritePostListViewController.swift; sourceTree = "<group>"; };
		C14FF3652C75DB2800089C6D /* LikePostTableViewCell.swift */ = {isa = PBXFileReference; fileEncoding = 4; lastKnownFileType = sourcecode.swift; path = LikePostTableViewCell.swift; sourceTree = "<group>"; };
		C14FF3662C75DB2800089C6D /* LikePostViewController.swift */ = {isa = PBXFileReference; fileEncoding = 4; lastKnownFileType = sourcecode.swift; path = LikePostViewController.swift; sourceTree = "<group>"; };
		C14FF3682C75DB2800089C6D /* WriteReplyListTableViewCell.swift */ = {isa = PBXFileReference; fileEncoding = 4; lastKnownFileType = sourcecode.swift; path = WriteReplyListTableViewCell.swift; sourceTree = "<group>"; };
		C14FF3692C75DB2800089C6D /* WriteReplyListViewController.swift */ = {isa = PBXFileReference; fileEncoding = 4; lastKnownFileType = sourcecode.swift; path = WriteReplyListViewController.swift; sourceTree = "<group>"; };
		C14FF3732C75DB4100089C6D /* ReptileViewController.swift */ = {isa = PBXFileReference; fileEncoding = 4; lastKnownFileType = sourcecode.swift; path = ReptileViewController.swift; sourceTree = "<group>"; };
		C154FA192C7C0F2C00624AA3 /* LikePostView.swift */ = {isa = PBXFileReference; lastKnownFileType = sourcecode.swift; path = LikePostView.swift; sourceTree = "<group>"; };
		C154FA1B2C7C11B500624AA3 /* WriteReplyListView.swift */ = {isa = PBXFileReference; lastKnownFileType = sourcecode.swift; path = WriteReplyListView.swift; sourceTree = "<group>"; };
		C154FA1D2C7C15D600624AA3 /* WritePostListView.swift */ = {isa = PBXFileReference; lastKnownFileType = sourcecode.swift; path = WritePostListView.swift; sourceTree = "<group>"; };
		C154FA212C7C4D9F00624AA3 /* EditUserInfoView.swift */ = {isa = PBXFileReference; lastKnownFileType = sourcecode.swift; path = EditUserInfoView.swift; sourceTree = "<group>"; };
/* End PBXFileReference section */

/* Begin PBXFrameworksBuildPhase section */
		588CE3CF2C524EA800338878 /* Frameworks */ = {
			isa = PBXFrameworksBuildPhase;
			buildActionMask = 2147483647;
			files = (
				58833C2C2C5FDE05005C2160 /* FirebaseMessaging in Frameworks */,
				46E23B212C6606620059BB62 /* KakaoSDK in Frameworks */,
				4693FACB2C60A3F200BB70D6 /* SnapKit in Frameworks */,
				58833C222C5FDE05005C2160 /* FirebaseAnalytics in Frameworks */,
				79FB0EA02C8340A6009ACD94 /* Kingfisher in Frameworks */,
				46E23B252C6606620059BB62 /* KakaoSDKCert in Frameworks */,
				58833C242C5FDE05005C2160 /* FirebaseAuth in Frameworks */,
				58833C262C5FDE05005C2160 /* FirebaseFirestore in Frameworks */,
				469B44492C6315AF00B1C49B /* GoogleSignInSwift in Frameworks */,
				46E23B292C6606620059BB62 /* KakaoSDKUser in Frameworks */,
				46E23B272C6606620059BB62 /* KakaoSDKCommon in Frameworks */,
				58833C2E2C5FDE05005C2160 /* FirebaseStorage in Frameworks */,
				58833C282C5FDE05005C2160 /* FirebaseFunctions in Frameworks */,
				58833C2A2C5FDE05005C2160 /* FirebaseInAppMessaging-Beta in Frameworks */,
				469B44472C6315AF00B1C49B /* GoogleSignIn in Frameworks */,
				46E23B232C6606620059BB62 /* KakaoSDKAuth in Frameworks */,
			);
			runOnlyForDeploymentPostprocessing = 0;
		};
/* End PBXFrameworksBuildPhase section */

/* Begin PBXGroup section */
		4693FACE2C60EB4000BB70D6 /* Service */ = {
			isa = PBXGroup;
			children = (
				4693FACF2C60EB5200BB70D6 /* DiaryPostService.swift */,
				469B443B2C6305E300B1C49B /* AuthService.swift */,
				46F0F7F42C6B286300444C98 /* CommunityService.swift */,
				46DA262E2C6ED2DB005C7609 /* UserService.swift */,
				46E37FCD2C7EAF9B006F6E2A /* testVC - GrowthDiaryEditViewController.swift */,
				460671302C7ED9FC009B8AC4 /* testVC-DiaryDetail,EditVC.swift */,
				460671342C7F1B33009B8AC4 /* TestVC -BookmarkPostsViewController.swift */,
			);
			path = Service;
			sourceTree = "<group>";
		};
		46F0F7F12C6AE94E00444C98 /* LoginView */ = {
			isa = PBXGroup;
			children = (
				46F0F7ED2C6AE46400444C98 /* LoginView.swift */,
			);
			path = LoginView;
			sourceTree = "<group>";
		};
		584107DC2C5395A100DA47BA /* Controller */ = {
			isa = PBXGroup;
			children = (
				46B0D99B2C78C18C00697E7E /* PostDetailViewController.swift */,
				46B0D9992C78C17200697E7E /* PostEditViewController.swift */,
				588CE3D92C524EA900338878 /* ViewController.swift */,
				79A1AE492C6A088D00D5711B /* TabbarViewController.swift */,
				469B44392C62FDCA00B1C49B /* LoginViewController.swift */,
				4674B2DF2C6464D700BCD451 /* TermsAgreementViewController.swift */,
				58833C332C5FDEF3005C2160 /* Profile */,
				58833C322C5FDEEC005C2160 /* Community */,
				58833C312C5FDEE4005C2160 /* GrowthDiary */,
				9F2BD4322C75C431006FDD69 /* SpecialNote */,
			);
			path = Controller;
			sourceTree = "<group>";
		};
		5881F01E2C73120D00FBB13E /* Community */ = {
			isa = PBXGroup;
			children = (
				5881F01F2C73122500FBB13E /* CommunityListView.swift */,
				58F3F63F2C772E6B00FDABD1 /* CommunityDetailView.swift */,
				58418D6E2C63FA3F004E738E /* CommunityTableViewCell.swift */,
				5805AE182C7216CB00AB6ED9 /* CommentTableViewCell.swift */,
				58F3F6432C781F1400FDABD1 /* AddPostView.swift */,
				580E1AC02C7E421B00CD3A91 /* PHPickerCollectionViewCell.swift */,
				58C61A032C7A530F00E1FD3A /* KeyboardDelegate.swift */,
			);
			path = Community;
			sourceTree = "<group>";
		};
		58833C312C5FDEE4005C2160 /* GrowthDiary */ = {
			isa = PBXGroup;
			children = (
				589CD0002C60901500812D17 /* GrowthDiaryViewController.swift */,
				793E9CE42C7DD19000DB4B30 /* AddGrowthDiaryViewController.swift */,
			);
			path = GrowthDiary;
			sourceTree = "<group>";
		};
		58833C322C5FDEEC005C2160 /* Community */ = {
			isa = PBXGroup;
			children = (
				589CCFFE2C608FFF00812D17 /* CommunityViewController.swift */,
				583511FE2C692FBA00E7D63F /* CommunityDetailViewController.swift */,
				58F3F6412C781DF500FDABD1 /* AddPostViewController.swift */,
			);
			path = Community;
			sourceTree = "<group>";
		};
		58833C332C5FDEF3005C2160 /* Profile */ = {
			isa = PBXGroup;
			children = (
				589CCFFC2C608FF100812D17 /* ProfileViewController.swift */,
				C14FF35D2C75DB1000089C6D /* EditUserInfoViewController.swift */,
				C14FF3732C75DB4100089C6D /* ReptileViewController.swift */,
				C14FF3632C75DB2800089C6D /* WritePostListViewController.swift */,
				C14FF3692C75DB2800089C6D /* WriteReplyListViewController.swift */,
				C14FF3662C75DB2800089C6D /* LikePostViewController.swift */,
				C14FF35F2C75DB2800089C6D /* BlockUserViewController.swift */,
			);
			path = Profile;
			sourceTree = "<group>";
		};
		58833C342C5FDEFD005C2160 /* Model */ = {
			isa = PBXGroup;
			children = (
				589CCFFA2C608FDE00812D17 /* TestModel.swift */,
				469B44372C62F3BC00B1C49B /* SocialLoginButton.swift */,
				4693FACC2C60E87100BB70D6 /* DiaryModel.swift */,
				4674B2E22C64D71700BCD451 /* AuthUser.swift */,
				46F0F7F82C6D997800444C98 /* PostModel.swift */,
				46DA26322C6EE198005C7609 /* UserModel.swift */,
			);
			path = Model;
			sourceTree = "<group>";
		};
		588CE3C92C524EA800338878 = {
			isa = PBXGroup;
			children = (
				588CE3D42C524EA900338878 /* ReptileHub */,
				588CE3D32C524EA900338878 /* Products */,
			);
			sourceTree = "<group>";
		};
		588CE3D32C524EA900338878 /* Products */ = {
			isa = PBXGroup;
			children = (
				588CE3D22C524EA900338878 /* ReptileHub.app */,
			);
			name = Products;
			sourceTree = "<group>";
		};
		588CE3D42C524EA900338878 /* ReptileHub */ = {
			isa = PBXGroup;
			children = (
				7994BDA22C7E413C00ADE7A7 /* Extension */,
				798476422C70EFA400895D2D /* Components */,
				469B443D2C6308B300B1C49B /* ReptileHub.entitlements */,
				795776BB2C69B22F006D27A1 /* View */,
				58833C342C5FDEFD005C2160 /* Model */,
				584107DC2C5395A100DA47BA /* Controller */,
				4693FACE2C60EB4000BB70D6 /* Service */,
				588CE3D52C524EA900338878 /* AppDelegate.swift */,
				588CE3D72C524EA900338878 /* SceneDelegate.swift */,
				588CE3DE2C524EAA00338878 /* Assets.xcassets */,
				588CE3E02C524EAA00338878 /* LaunchScreen.storyboard */,
				588CE3E32C524EAA00338878 /* Info.plist */,
				469B443E2C63116000B1C49B /* GoogleService-Info.plist */,
			);
			path = ReptileHub;
			sourceTree = "<group>";
		};
		795776BB2C69B22F006D27A1 /* View */ = {
			isa = PBXGroup;
			children = (
				9F2BD43D2C7BCCF7006FDD69 /* SpecialNote */,
				C1EBDFC72C782A2500B6CCBD /* Profile */,
				5881F01E2C73120D00FBB13E /* Community */,
				46F0F7F12C6AE94E00444C98 /* LoginView */,
				79AA14952C69C29D009F8209 /* GrowthDiary */,
			);
			path = View;
			sourceTree = "<group>";
		};
		798476422C70EFA400895D2D /* Components */ = {
			isa = PBXGroup;
			children = (
				7968449B2C6AEC7100765A80 /* Spacing.swift */,
				798476402C70E05200895D2D /* EmptyView.swift */,
				79BCE2732C72F775002F630C /* FontWeightLabel.swift */,
			);
			path = Components;
			sourceTree = "<group>";
		};
		7994BDA22C7E413C00ADE7A7 /* Extension */ = {
			isa = PBXGroup;
			children = (
				7994BDA32C7E415A00ADE7A7 /* Extension.swift */,
			);
			path = Extension;
			sourceTree = "<group>";
		};
		79AA14952C69C29D009F8209 /* GrowthDiary */ = {
			isa = PBXGroup;
			children = (
				79AA14982C69C2F1009F8209 /* GrowthDiaryListView.swift */,
				7968449D2C6B3DE600765A80 /* GrowthDiaryListCollectionViewCell.swift */,
				79BCE2712C72DB01002F630C /* AddGrowthDiaryView.swift */,
				793E9CE02C7CDF8F00DB4B30 /* DropDownView.swift */,
			);
			path = GrowthDiary;
			sourceTree = "<group>";
		};
		9F2BD4322C75C431006FDD69 /* SpecialNote */ = {
			isa = PBXGroup;
			children = (
				9F2BD4392C75C555006FDD69 /* SpecialDetailViewController.swift */,
				9F2BD43B2C75C577006FDD69 /* SpecialEditViewController.swift */,
				9F2BD43E2C7BCD68006FDD69 /* SpecialListViewController.swift */,
			);
			path = SpecialNote;
			sourceTree = "<group>";
		};
		9F2BD43D2C7BCCF7006FDD69 /* SpecialNote */ = {
			isa = PBXGroup;
			children = (
				9F2BD4332C75C4B5006FDD69 /* SpecialPlusButtonView.swift */,
				9F2BD4352C75C4EC006FDD69 /* SpecialListViewCell.swift */,
				9F2BD4402C7BCD8B006FDD69 /* SpecialListView.swift */,
				9F2BD4422C7BE977006FDD69 /* SpecialEditView.swift */,
				9F2BD4442C7BF803006FDD69 /* SpecialDetailView.swift */,
				9F2BD4462C80EF40006FDD69 /* SpecialPHPickerCollectionViewCell.swift */,
			);
			path = SpecialNote;
			sourceTree = "<group>";
		};
		C1EBDFC72C782A2500B6CCBD /* Profile */ = {
			isa = PBXGroup;
			children = (
				C12FC0EE2C790D19000BB52E /* ProfileView.swift */,
				C154FA212C7C4D9F00624AA3 /* EditUserInfoView.swift */,
				C154FA1D2C7C15D600624AA3 /* WritePostListView.swift */,
				C14FF3622C75DB2800089C6D /* WritePostListTableViewCell.swift */,
				C154FA1B2C7C11B500624AA3 /* WriteReplyListView.swift */,
				C14FF3682C75DB2800089C6D /* WriteReplyListTableViewCell.swift */,
				C154FA192C7C0F2C00624AA3 /* LikePostView.swift */,
				C14FF3652C75DB2800089C6D /* LikePostTableViewCell.swift */,
				C12FC0EC2C790CA3000BB52E /* BlockUserView.swift */,
				C14FF3602C75DB2800089C6D /* BlockUserTableViewCell.swift */,
			);
			path = Profile;
			sourceTree = "<group>";
		};
/* End PBXGroup section */

/* Begin PBXNativeTarget section */
		588CE3D12C524EA800338878 /* ReptileHub */ = {
			isa = PBXNativeTarget;
			buildConfigurationList = 588CE3E62C524EAA00338878 /* Build configuration list for PBXNativeTarget "ReptileHub" */;
			buildPhases = (
				588CE3CE2C524EA800338878 /* Sources */,
				588CE3CF2C524EA800338878 /* Frameworks */,
				588CE3D02C524EA800338878 /* Resources */,
				467AB03B2C609BD40054E36D /* Embed Frameworks */,
			);
			buildRules = (
			);
			dependencies = (
			);
			name = ReptileHub;
			packageProductDependencies = (
				58833C212C5FDE05005C2160 /* FirebaseAnalytics */,
				58833C232C5FDE05005C2160 /* FirebaseAuth */,
				58833C252C5FDE05005C2160 /* FirebaseFirestore */,
				58833C272C5FDE05005C2160 /* FirebaseFunctions */,
				58833C292C5FDE05005C2160 /* FirebaseInAppMessaging-Beta */,
				58833C2B2C5FDE05005C2160 /* FirebaseMessaging */,
				58833C2D2C5FDE05005C2160 /* FirebaseStorage */,
				4693FACA2C60A3F200BB70D6 /* SnapKit */,
				469B44462C6315AF00B1C49B /* GoogleSignIn */,
				469B44482C6315AF00B1C49B /* GoogleSignInSwift */,
				46E23B202C6606620059BB62 /* KakaoSDK */,
				46E23B222C6606620059BB62 /* KakaoSDKAuth */,
				46E23B242C6606620059BB62 /* KakaoSDKCert */,
				46E23B262C6606620059BB62 /* KakaoSDKCommon */,
				46E23B282C6606620059BB62 /* KakaoSDKUser */,
				79FB0E9F2C8340A6009ACD94 /* Kingfisher */,
			);
			productName = ReptileHub;
			productReference = 588CE3D22C524EA900338878 /* ReptileHub.app */;
			productType = "com.apple.product-type.application";
		};
/* End PBXNativeTarget section */

/* Begin PBXProject section */
		588CE3CA2C524EA800338878 /* Project object */ = {
			isa = PBXProject;
			attributes = {
				BuildIndependentTargetsInParallel = 1;
				LastSwiftUpdateCheck = 1540;
				LastUpgradeCheck = 1540;
				TargetAttributes = {
					588CE3D12C524EA800338878 = {
						CreatedOnToolsVersion = 15.4;
					};
				};
			};
			buildConfigurationList = 588CE3CD2C524EA800338878 /* Build configuration list for PBXProject "ReptileHub" */;
			compatibilityVersion = "Xcode 14.0";
			developmentRegion = en;
			hasScannedForEncodings = 0;
			knownRegions = (
				en,
				Base,
			);
			mainGroup = 588CE3C92C524EA800338878;
			packageReferences = (
				58833C202C5FDE05005C2160 /* XCRemoteSwiftPackageReference "firebase-ios-sdk" */,
				4693FAC92C60A3F200BB70D6 /* XCRemoteSwiftPackageReference "SnapKit" */,
				469B44452C6315AF00B1C49B /* XCRemoteSwiftPackageReference "GoogleSignIn-iOS" */,
				46E23B1F2C6606620059BB62 /* XCRemoteSwiftPackageReference "kakao-ios-sdk" */,
				79FB0E9E2C8340A6009ACD94 /* XCRemoteSwiftPackageReference "Kingfisher" */,
			);
			productRefGroup = 588CE3D32C524EA900338878 /* Products */;
			projectDirPath = "";
			projectRoot = "";
			targets = (
				588CE3D12C524EA800338878 /* ReptileHub */,
			);
		};
/* End PBXProject section */

/* Begin PBXResourcesBuildPhase section */
		588CE3D02C524EA800338878 /* Resources */ = {
			isa = PBXResourcesBuildPhase;
			buildActionMask = 2147483647;
			files = (
				588CE3DF2C524EAA00338878 /* Assets.xcassets in Resources */,
				588CE3E22C524EAA00338878 /* Base in Resources */,
				469B443F2C63116000B1C49B /* GoogleService-Info.plist in Resources */,
			);
			runOnlyForDeploymentPostprocessing = 0;
		};
/* End PBXResourcesBuildPhase section */

/* Begin PBXSourcesBuildPhase section */
		588CE3CE2C524EA800338878 /* Sources */ = {
			isa = PBXSourcesBuildPhase;
			buildActionMask = 2147483647;
			files = (
				7994BDA42C7E415B00ADE7A7 /* Extension.swift in Sources */,
				C14FF35E2C75DB1000089C6D /* EditUserInfoViewController.swift in Sources */,
				4674B2E02C6464D700BCD451 /* TermsAgreementViewController.swift in Sources */,
				C154FA1E2C7C15D600624AA3 /* WritePostListView.swift in Sources */,
				46F0F7F92C6D997800444C98 /* PostModel.swift in Sources */,
				580E1AC12C7E421B00CD3A91 /* PHPickerCollectionViewCell.swift in Sources */,
				588CE3DA2C524EA900338878 /* ViewController.swift in Sources */,
				588CE3D62C524EA900338878 /* AppDelegate.swift in Sources */,
				58C61A042C7A530F00E1FD3A /* KeyboardDelegate.swift in Sources */,
				7968449C2C6AEC7100765A80 /* Spacing.swift in Sources */,
				9F2BD4362C75C4EC006FDD69 /* SpecialListViewCell.swift in Sources */,
				9F2BD43A2C75C555006FDD69 /* SpecialDetailViewController.swift in Sources */,
				469B44382C62F3BC00B1C49B /* SocialLoginButton.swift in Sources */,
				C154FA1C2C7C11B500624AA3 /* WriteReplyListView.swift in Sources */,
				C12FC0EF2C790D19000BB52E /* ProfileView.swift in Sources */,
				469B443C2C6305E300B1C49B /* AuthService.swift in Sources */,
				79BCE2722C72DB01002F630C /* AddGrowthDiaryView.swift in Sources */,
				46B0D99C2C78C18C00697E7E /* PostDetailViewController.swift in Sources */,
				58418D6F2C63FA3F004E738E /* CommunityTableViewCell.swift in Sources */,
				9F2BD4412C7BCD8B006FDD69 /* SpecialListView.swift in Sources */,
				589CCFFF2C608FFF00812D17 /* CommunityViewController.swift in Sources */,
				589CCFFD2C608FF100812D17 /* ProfileViewController.swift in Sources */,
				C14FF3742C75DB4100089C6D /* ReptileViewController.swift in Sources */,
				46DA26332C6EE198005C7609 /* UserModel.swift in Sources */,
				5805AE192C7216CB00AB6ED9 /* CommentTableViewCell.swift in Sources */,
				9F2BD4452C7BF803006FDD69 /* SpecialDetailView.swift in Sources */,
				58F3F6442C781F1400FDABD1 /* AddPostView.swift in Sources */,
				588CE3D82C524EA900338878 /* SceneDelegate.swift in Sources */,
				9F2BD4342C75C4B5006FDD69 /* SpecialPlusButtonView.swift in Sources */,
				46E37FCE2C7EAF9B006F6E2A /* testVC - GrowthDiaryEditViewController.swift in Sources */,
				798476412C70E05200895D2D /* EmptyView.swift in Sources */,
				C14FF36F2C75DB2800089C6D /* LikePostTableViewCell.swift in Sources */,
				C12FC0ED2C790CA3000BB52E /* BlockUserView.swift in Sources */,
				46B0D99A2C78C17200697E7E /* PostEditViewController.swift in Sources */,
				79A1AE4A2C6A088D00D5711B /* TabbarViewController.swift in Sources */,
				7968449E2C6B3DE600765A80 /* GrowthDiaryListCollectionViewCell.swift in Sources */,
				460671312C7ED9FC009B8AC4 /* testVC-DiaryDetail,EditVC.swift in Sources */,
				9F2BD4472C80EF40006FDD69 /* SpecialPHPickerCollectionViewCell.swift in Sources */,
				9F2BD43F2C7BCD68006FDD69 /* SpecialListViewController.swift in Sources */,
				4693FACD2C60E87100BB70D6 /* DiaryModel.swift in Sources */,
				C14FF36E2C75DB2800089C6D /* WritePostListViewController.swift in Sources */,
				583511FF2C692FBA00E7D63F /* CommunityDetailViewController.swift in Sources */,
				79AA14992C69C2F1009F8209 /* GrowthDiaryListView.swift in Sources */,
				C14FF3722C75DB2800089C6D /* WriteReplyListViewController.swift in Sources */,
				46F0F7EE2C6AE46400444C98 /* LoginView.swift in Sources */,
				46DA262F2C6ED2DB005C7609 /* UserService.swift in Sources */,
				589CCFFB2C608FDE00812D17 /* TestModel.swift in Sources */,
				793E9CE12C7CDF8F00DB4B30 /* DropDownView.swift in Sources */,
				793E9CE52C7DD19000DB4B30 /* AddGrowthDiaryViewController.swift in Sources */,
				58F3F6422C781DF500FDABD1 /* AddPostViewController.swift in Sources */,
				460671352C7F1B33009B8AC4 /* TestVC -BookmarkPostsViewController.swift in Sources */,
				9F2BD4432C7BE977006FDD69 /* SpecialEditView.swift in Sources */,
				4674B2E32C64D71700BCD451 /* AuthUser.swift in Sources */,
				4693FAD02C60EB5200BB70D6 /* DiaryPostService.swift in Sources */,
				C14FF36D2C75DB2800089C6D /* WritePostListTableViewCell.swift in Sources */,
				C154FA1A2C7C0F2C00624AA3 /* LikePostView.swift in Sources */,
				58F3F6402C772E6B00FDABD1 /* CommunityDetailView.swift in Sources */,
				C154FA222C7C4D9F00624AA3 /* EditUserInfoView.swift in Sources */,
				9F2BD43C2C75C577006FDD69 /* SpecialEditViewController.swift in Sources */,
				589CD0012C60901500812D17 /* GrowthDiaryViewController.swift in Sources */,
				C14FF36C2C75DB2800089C6D /* BlockUserTableViewCell.swift in Sources */,
				469B443A2C62FDCA00B1C49B /* LoginViewController.swift in Sources */,
				C14FF3712C75DB2800089C6D /* WriteReplyListTableViewCell.swift in Sources */,
				C14FF3702C75DB2800089C6D /* LikePostViewController.swift in Sources */,
				C14FF36B2C75DB2800089C6D /* BlockUserViewController.swift in Sources */,
				5881F0202C73122500FBB13E /* CommunityListView.swift in Sources */,
				46F0F7F52C6B286300444C98 /* CommunityService.swift in Sources */,
				79BCE2742C72F775002F630C /* FontWeightLabel.swift in Sources */,
			);
			runOnlyForDeploymentPostprocessing = 0;
		};
/* End PBXSourcesBuildPhase section */

/* Begin PBXVariantGroup section */
		588CE3E02C524EAA00338878 /* LaunchScreen.storyboard */ = {
			isa = PBXVariantGroup;
			children = (
				588CE3E12C524EAA00338878 /* Base */,
			);
			name = LaunchScreen.storyboard;
			sourceTree = "<group>";
		};
/* End PBXVariantGroup section */

/* Begin XCBuildConfiguration section */
		588CE3E42C524EAA00338878 /* Debug */ = {
			isa = XCBuildConfiguration;
			buildSettings = {
				ALWAYS_SEARCH_USER_PATHS = NO;
				ASSETCATALOG_COMPILER_GENERATE_SWIFT_ASSET_SYMBOL_EXTENSIONS = YES;
				CLANG_ANALYZER_NONNULL = YES;
				CLANG_ANALYZER_NUMBER_OBJECT_CONVERSION = YES_AGGRESSIVE;
				CLANG_CXX_LANGUAGE_STANDARD = "gnu++20";
				CLANG_ENABLE_MODULES = YES;
				CLANG_ENABLE_OBJC_ARC = YES;
				CLANG_ENABLE_OBJC_WEAK = YES;
				CLANG_WARN_BLOCK_CAPTURE_AUTORELEASING = YES;
				CLANG_WARN_BOOL_CONVERSION = YES;
				CLANG_WARN_COMMA = YES;
				CLANG_WARN_CONSTANT_CONVERSION = YES;
				CLANG_WARN_DEPRECATED_OBJC_IMPLEMENTATIONS = YES;
				CLANG_WARN_DIRECT_OBJC_ISA_USAGE = YES_ERROR;
				CLANG_WARN_DOCUMENTATION_COMMENTS = YES;
				CLANG_WARN_EMPTY_BODY = YES;
				CLANG_WARN_ENUM_CONVERSION = YES;
				CLANG_WARN_INFINITE_RECURSION = YES;
				CLANG_WARN_INT_CONVERSION = YES;
				CLANG_WARN_NON_LITERAL_NULL_CONVERSION = YES;
				CLANG_WARN_OBJC_IMPLICIT_RETAIN_SELF = YES;
				CLANG_WARN_OBJC_LITERAL_CONVERSION = YES;
				CLANG_WARN_OBJC_ROOT_CLASS = YES_ERROR;
				CLANG_WARN_QUOTED_INCLUDE_IN_FRAMEWORK_HEADER = YES;
				CLANG_WARN_RANGE_LOOP_ANALYSIS = YES;
				CLANG_WARN_STRICT_PROTOTYPES = YES;
				CLANG_WARN_SUSPICIOUS_MOVE = YES;
				CLANG_WARN_UNGUARDED_AVAILABILITY = YES_AGGRESSIVE;
				CLANG_WARN_UNREACHABLE_CODE = YES;
				CLANG_WARN__DUPLICATE_METHOD_MATCH = YES;
				COPY_PHASE_STRIP = NO;
				DEBUG_INFORMATION_FORMAT = dwarf;
				ENABLE_STRICT_OBJC_MSGSEND = YES;
				ENABLE_TESTABILITY = YES;
				ENABLE_USER_SCRIPT_SANDBOXING = YES;
				GCC_C_LANGUAGE_STANDARD = gnu17;
				GCC_DYNAMIC_NO_PIC = NO;
				GCC_NO_COMMON_BLOCKS = YES;
				GCC_OPTIMIZATION_LEVEL = 0;
				GCC_PREPROCESSOR_DEFINITIONS = (
					"DEBUG=1",
					"$(inherited)",
				);
				GCC_WARN_64_TO_32_BIT_CONVERSION = YES;
				GCC_WARN_ABOUT_RETURN_TYPE = YES_ERROR;
				GCC_WARN_UNDECLARED_SELECTOR = YES;
				GCC_WARN_UNINITIALIZED_AUTOS = YES_AGGRESSIVE;
				GCC_WARN_UNUSED_FUNCTION = YES;
				GCC_WARN_UNUSED_VARIABLE = YES;
				IPHONEOS_DEPLOYMENT_TARGET = 17.5;
				LOCALIZATION_PREFERS_STRING_CATALOGS = YES;
				MTL_ENABLE_DEBUG_INFO = INCLUDE_SOURCE;
				MTL_FAST_MATH = YES;
				ONLY_ACTIVE_ARCH = YES;
				SDKROOT = iphoneos;
				SWIFT_ACTIVE_COMPILATION_CONDITIONS = "DEBUG $(inherited)";
				SWIFT_OPTIMIZATION_LEVEL = "-Onone";
			};
			name = Debug;
		};
		588CE3E52C524EAA00338878 /* Release */ = {
			isa = XCBuildConfiguration;
			buildSettings = {
				ALWAYS_SEARCH_USER_PATHS = NO;
				ASSETCATALOG_COMPILER_GENERATE_SWIFT_ASSET_SYMBOL_EXTENSIONS = YES;
				CLANG_ANALYZER_NONNULL = YES;
				CLANG_ANALYZER_NUMBER_OBJECT_CONVERSION = YES_AGGRESSIVE;
				CLANG_CXX_LANGUAGE_STANDARD = "gnu++20";
				CLANG_ENABLE_MODULES = YES;
				CLANG_ENABLE_OBJC_ARC = YES;
				CLANG_ENABLE_OBJC_WEAK = YES;
				CLANG_WARN_BLOCK_CAPTURE_AUTORELEASING = YES;
				CLANG_WARN_BOOL_CONVERSION = YES;
				CLANG_WARN_COMMA = YES;
				CLANG_WARN_CONSTANT_CONVERSION = YES;
				CLANG_WARN_DEPRECATED_OBJC_IMPLEMENTATIONS = YES;
				CLANG_WARN_DIRECT_OBJC_ISA_USAGE = YES_ERROR;
				CLANG_WARN_DOCUMENTATION_COMMENTS = YES;
				CLANG_WARN_EMPTY_BODY = YES;
				CLANG_WARN_ENUM_CONVERSION = YES;
				CLANG_WARN_INFINITE_RECURSION = YES;
				CLANG_WARN_INT_CONVERSION = YES;
				CLANG_WARN_NON_LITERAL_NULL_CONVERSION = YES;
				CLANG_WARN_OBJC_IMPLICIT_RETAIN_SELF = YES;
				CLANG_WARN_OBJC_LITERAL_CONVERSION = YES;
				CLANG_WARN_OBJC_ROOT_CLASS = YES_ERROR;
				CLANG_WARN_QUOTED_INCLUDE_IN_FRAMEWORK_HEADER = YES;
				CLANG_WARN_RANGE_LOOP_ANALYSIS = YES;
				CLANG_WARN_STRICT_PROTOTYPES = YES;
				CLANG_WARN_SUSPICIOUS_MOVE = YES;
				CLANG_WARN_UNGUARDED_AVAILABILITY = YES_AGGRESSIVE;
				CLANG_WARN_UNREACHABLE_CODE = YES;
				CLANG_WARN__DUPLICATE_METHOD_MATCH = YES;
				COPY_PHASE_STRIP = NO;
				DEBUG_INFORMATION_FORMAT = "dwarf-with-dsym";
				ENABLE_NS_ASSERTIONS = NO;
				ENABLE_STRICT_OBJC_MSGSEND = YES;
				ENABLE_USER_SCRIPT_SANDBOXING = YES;
				GCC_C_LANGUAGE_STANDARD = gnu17;
				GCC_NO_COMMON_BLOCKS = YES;
				GCC_WARN_64_TO_32_BIT_CONVERSION = YES;
				GCC_WARN_ABOUT_RETURN_TYPE = YES_ERROR;
				GCC_WARN_UNDECLARED_SELECTOR = YES;
				GCC_WARN_UNINITIALIZED_AUTOS = YES_AGGRESSIVE;
				GCC_WARN_UNUSED_FUNCTION = YES;
				GCC_WARN_UNUSED_VARIABLE = YES;
				IPHONEOS_DEPLOYMENT_TARGET = 17.5;
				LOCALIZATION_PREFERS_STRING_CATALOGS = YES;
				MTL_ENABLE_DEBUG_INFO = NO;
				MTL_FAST_MATH = YES;
				SDKROOT = iphoneos;
				SWIFT_COMPILATION_MODE = wholemodule;
				VALIDATE_PRODUCT = YES;
			};
			name = Release;
		};
		588CE3E72C524EAA00338878 /* Debug */ = {
			isa = XCBuildConfiguration;
			buildSettings = {
				ASSETCATALOG_COMPILER_APPICON_NAME = AppIcon;
				ASSETCATALOG_COMPILER_GLOBAL_ACCENT_COLOR_NAME = AccentColor;
				CODE_SIGN_ENTITLEMENTS = ReptileHub/ReptileHub.entitlements;
				CODE_SIGN_STYLE = Automatic;
				CURRENT_PROJECT_VERSION = 1;
				DEVELOPMENT_TEAM = "";
				GENERATE_INFOPLIST_FILE = YES;
				INFOPLIST_FILE = ReptileHub/Info.plist;
				INFOPLIST_KEY_LSApplicationCategoryType = NSPhotoLibraryUsageDescription;
				INFOPLIST_KEY_NSPhotoLibraryUsageDescription = "\"해당앱이 사진 업로드를 위해 사진에 접근을 허용하시겠습니까?\"";
				INFOPLIST_KEY_UIApplicationSupportsIndirectInputEvents = YES;
				INFOPLIST_KEY_UILaunchStoryboardName = LaunchScreen;
				INFOPLIST_KEY_UISupportedInterfaceOrientations_iPad = "UIInterfaceOrientationPortrait UIInterfaceOrientationPortraitUpsideDown UIInterfaceOrientationLandscapeLeft UIInterfaceOrientationLandscapeRight";
				INFOPLIST_KEY_UISupportedInterfaceOrientations_iPhone = "UIInterfaceOrientationPortrait UIInterfaceOrientationLandscapeLeft UIInterfaceOrientationLandscapeRight";
				LD_RUNPATH_SEARCH_PATHS = (
					"$(inherited)",
					"@executable_path/Frameworks",
				);
				MARKETING_VERSION = 1.0;
				PRODUCT_BUNDLE_IDENTIFIER = kr.Bin.ReptileHub;
				PRODUCT_NAME = "$(TARGET_NAME)";
				SWIFT_EMIT_LOC_STRINGS = YES;
				SWIFT_VERSION = 5.0;
				TARGETED_DEVICE_FAMILY = "1,2";
			};
			name = Debug;
		};
		588CE3E82C524EAA00338878 /* Release */ = {
			isa = XCBuildConfiguration;
			buildSettings = {
				ASSETCATALOG_COMPILER_APPICON_NAME = AppIcon;
				ASSETCATALOG_COMPILER_GLOBAL_ACCENT_COLOR_NAME = AccentColor;
				CODE_SIGN_ENTITLEMENTS = ReptileHub/ReptileHub.entitlements;
				CODE_SIGN_STYLE = Automatic;
				CURRENT_PROJECT_VERSION = 1;
				DEVELOPMENT_TEAM = "";
				GENERATE_INFOPLIST_FILE = YES;
				INFOPLIST_FILE = ReptileHub/Info.plist;
				INFOPLIST_KEY_LSApplicationCategoryType = NSPhotoLibraryUsageDescription;
				INFOPLIST_KEY_NSPhotoLibraryUsageDescription = "\"해당앱이 사진 업로드를 위해 사진에 접근을 허용하시겠습니까?\"";
				INFOPLIST_KEY_UIApplicationSupportsIndirectInputEvents = YES;
				INFOPLIST_KEY_UILaunchStoryboardName = LaunchScreen;
				INFOPLIST_KEY_UISupportedInterfaceOrientations_iPad = "UIInterfaceOrientationPortrait UIInterfaceOrientationPortraitUpsideDown UIInterfaceOrientationLandscapeLeft UIInterfaceOrientationLandscapeRight";
				INFOPLIST_KEY_UISupportedInterfaceOrientations_iPhone = "UIInterfaceOrientationPortrait UIInterfaceOrientationLandscapeLeft UIInterfaceOrientationLandscapeRight";
				LD_RUNPATH_SEARCH_PATHS = (
					"$(inherited)",
					"@executable_path/Frameworks",
				);
				MARKETING_VERSION = 1.0;
				PRODUCT_BUNDLE_IDENTIFIER = kr.Bin.ReptileHub;
				PRODUCT_NAME = "$(TARGET_NAME)";
				SWIFT_EMIT_LOC_STRINGS = YES;
				SWIFT_VERSION = 5.0;
				TARGETED_DEVICE_FAMILY = "1,2";
			};
			name = Release;
		};
/* End XCBuildConfiguration section */

/* Begin XCConfigurationList section */
		588CE3CD2C524EA800338878 /* Build configuration list for PBXProject "ReptileHub" */ = {
			isa = XCConfigurationList;
			buildConfigurations = (
				588CE3E42C524EAA00338878 /* Debug */,
				588CE3E52C524EAA00338878 /* Release */,
			);
			defaultConfigurationIsVisible = 0;
			defaultConfigurationName = Release;
		};
		588CE3E62C524EAA00338878 /* Build configuration list for PBXNativeTarget "ReptileHub" */ = {
			isa = XCConfigurationList;
			buildConfigurations = (
				588CE3E72C524EAA00338878 /* Debug */,
				588CE3E82C524EAA00338878 /* Release */,
			);
			defaultConfigurationIsVisible = 0;
			defaultConfigurationName = Release;
		};
/* End XCConfigurationList section */

/* Begin XCRemoteSwiftPackageReference section */
		4693FAC92C60A3F200BB70D6 /* XCRemoteSwiftPackageReference "SnapKit" */ = {
			isa = XCRemoteSwiftPackageReference;
			repositoryURL = "https://github.com/SnapKit/SnapKit.git";
			requirement = {
				kind = upToNextMajorVersion;
				minimumVersion = 5.7.1;
			};
		};
		469B44452C6315AF00B1C49B /* XCRemoteSwiftPackageReference "GoogleSignIn-iOS" */ = {
			isa = XCRemoteSwiftPackageReference;
			repositoryURL = "https://github.com/google/GoogleSignIn-iOS";
			requirement = {
				kind = upToNextMajorVersion;
				minimumVersion = 7.1.0;
			};
		};
		46E23B1F2C6606620059BB62 /* XCRemoteSwiftPackageReference "kakao-ios-sdk" */ = {
			isa = XCRemoteSwiftPackageReference;
			repositoryURL = "https://github.com/kakao/kakao-ios-sdk";
			requirement = {
				kind = upToNextMajorVersion;
				minimumVersion = 2.22.5;
			};
		};
		58833C202C5FDE05005C2160 /* XCRemoteSwiftPackageReference "firebase-ios-sdk" */ = {
			isa = XCRemoteSwiftPackageReference;
			repositoryURL = "https://github.com/firebase/firebase-ios-sdk";
			requirement = {
				kind = upToNextMajorVersion;
				minimumVersion = 11.0.0;
			};
		};
		79FB0E9E2C8340A6009ACD94 /* XCRemoteSwiftPackageReference "Kingfisher" */ = {
			isa = XCRemoteSwiftPackageReference;
			repositoryURL = "https://github.com/onevcat/Kingfisher.git";
			requirement = {
				kind = upToNextMajorVersion;
				minimumVersion = 7.12.0;
			};
		};
/* End XCRemoteSwiftPackageReference section */

/* Begin XCSwiftPackageProductDependency section */
		4693FACA2C60A3F200BB70D6 /* SnapKit */ = {
			isa = XCSwiftPackageProductDependency;
			package = 4693FAC92C60A3F200BB70D6 /* XCRemoteSwiftPackageReference "SnapKit" */;
			productName = SnapKit;
		};
		469B44462C6315AF00B1C49B /* GoogleSignIn */ = {
			isa = XCSwiftPackageProductDependency;
			package = 469B44452C6315AF00B1C49B /* XCRemoteSwiftPackageReference "GoogleSignIn-iOS" */;
			productName = GoogleSignIn;
		};
		469B44482C6315AF00B1C49B /* GoogleSignInSwift */ = {
			isa = XCSwiftPackageProductDependency;
			package = 469B44452C6315AF00B1C49B /* XCRemoteSwiftPackageReference "GoogleSignIn-iOS" */;
			productName = GoogleSignInSwift;
		};
		46E23B202C6606620059BB62 /* KakaoSDK */ = {
			isa = XCSwiftPackageProductDependency;
			package = 46E23B1F2C6606620059BB62 /* XCRemoteSwiftPackageReference "kakao-ios-sdk" */;
			productName = KakaoSDK;
		};
		46E23B222C6606620059BB62 /* KakaoSDKAuth */ = {
			isa = XCSwiftPackageProductDependency;
			package = 46E23B1F2C6606620059BB62 /* XCRemoteSwiftPackageReference "kakao-ios-sdk" */;
			productName = KakaoSDKAuth;
		};
		46E23B242C6606620059BB62 /* KakaoSDKCert */ = {
			isa = XCSwiftPackageProductDependency;
			package = 46E23B1F2C6606620059BB62 /* XCRemoteSwiftPackageReference "kakao-ios-sdk" */;
			productName = KakaoSDKCert;
		};
		46E23B262C6606620059BB62 /* KakaoSDKCommon */ = {
			isa = XCSwiftPackageProductDependency;
			package = 46E23B1F2C6606620059BB62 /* XCRemoteSwiftPackageReference "kakao-ios-sdk" */;
			productName = KakaoSDKCommon;
		};
		46E23B282C6606620059BB62 /* KakaoSDKUser */ = {
			isa = XCSwiftPackageProductDependency;
			package = 46E23B1F2C6606620059BB62 /* XCRemoteSwiftPackageReference "kakao-ios-sdk" */;
			productName = KakaoSDKUser;
		};
		58833C212C5FDE05005C2160 /* FirebaseAnalytics */ = {
			isa = XCSwiftPackageProductDependency;
			package = 58833C202C5FDE05005C2160 /* XCRemoteSwiftPackageReference "firebase-ios-sdk" */;
			productName = FirebaseAnalytics;
		};
		58833C232C5FDE05005C2160 /* FirebaseAuth */ = {
			isa = XCSwiftPackageProductDependency;
			package = 58833C202C5FDE05005C2160 /* XCRemoteSwiftPackageReference "firebase-ios-sdk" */;
			productName = FirebaseAuth;
		};
		58833C252C5FDE05005C2160 /* FirebaseFirestore */ = {
			isa = XCSwiftPackageProductDependency;
			package = 58833C202C5FDE05005C2160 /* XCRemoteSwiftPackageReference "firebase-ios-sdk" */;
			productName = FirebaseFirestore;
		};
		58833C272C5FDE05005C2160 /* FirebaseFunctions */ = {
			isa = XCSwiftPackageProductDependency;
			package = 58833C202C5FDE05005C2160 /* XCRemoteSwiftPackageReference "firebase-ios-sdk" */;
			productName = FirebaseFunctions;
		};
		58833C292C5FDE05005C2160 /* FirebaseInAppMessaging-Beta */ = {
			isa = XCSwiftPackageProductDependency;
			package = 58833C202C5FDE05005C2160 /* XCRemoteSwiftPackageReference "firebase-ios-sdk" */;
			productName = "FirebaseInAppMessaging-Beta";
		};
		58833C2B2C5FDE05005C2160 /* FirebaseMessaging */ = {
			isa = XCSwiftPackageProductDependency;
			package = 58833C202C5FDE05005C2160 /* XCRemoteSwiftPackageReference "firebase-ios-sdk" */;
			productName = FirebaseMessaging;
		};
		58833C2D2C5FDE05005C2160 /* FirebaseStorage */ = {
			isa = XCSwiftPackageProductDependency;
			package = 58833C202C5FDE05005C2160 /* XCRemoteSwiftPackageReference "firebase-ios-sdk" */;
			productName = FirebaseStorage;
		};
		79FB0E9F2C8340A6009ACD94 /* Kingfisher */ = {
			isa = XCSwiftPackageProductDependency;
			package = 79FB0E9E2C8340A6009ACD94 /* XCRemoteSwiftPackageReference "Kingfisher" */;
			productName = Kingfisher;
		};
/* End XCSwiftPackageProductDependency section */
	};
	rootObject = 588CE3CA2C524EA800338878 /* Project object */;
}
