// !$*UTF8*$!
{
	archiveVersion = 1;
	classes = {
	};
	objectVersion = 56;
	objects = {

/* Begin PBXBuildFile section */
		467AB0392C6095AE0054E36D /* GoogleService-Info.plist in Resources */ = {isa = PBXBuildFile; fileRef = 467AB0382C6095AE0054E36D /* GoogleService-Info.plist */; };
		4693FACB2C60A3F200BB70D6 /* SnapKit in Frameworks */ = {isa = PBXBuildFile; productRef = 4693FACA2C60A3F200BB70D6 /* SnapKit */; };
		4693FACD2C60E87100BB70D6 /* DiaryModel.swift in Sources */ = {isa = PBXBuildFile; fileRef = 4693FACC2C60E87100BB70D6 /* DiaryModel.swift */; };
		4693FAD02C60EB5200BB70D6 /* DiaryPostService.swift in Sources */ = {isa = PBXBuildFile; fileRef = 4693FACF2C60EB5200BB70D6 /* DiaryPostService.swift */; };
		469B44382C62F3BC00B1C49B /* SocialLoginButton.swift in Sources */ = {isa = PBXBuildFile; fileRef = 469B44372C62F3BC00B1C49B /* SocialLoginButton.swift */; };
		469B443A2C62FDCA00B1C49B /* LoginViewController.swift in Sources */ = {isa = PBXBuildFile; fileRef = 469B44392C62FDCA00B1C49B /* LoginViewController.swift */; };
		58833C222C5FDE05005C2160 /* FirebaseAnalytics in Frameworks */ = {isa = PBXBuildFile; productRef = 58833C212C5FDE05005C2160 /* FirebaseAnalytics */; };
		58833C242C5FDE05005C2160 /* FirebaseAuth in Frameworks */ = {isa = PBXBuildFile; productRef = 58833C232C5FDE05005C2160 /* FirebaseAuth */; };
		58833C262C5FDE05005C2160 /* FirebaseFirestore in Frameworks */ = {isa = PBXBuildFile; productRef = 58833C252C5FDE05005C2160 /* FirebaseFirestore */; };
		58833C282C5FDE05005C2160 /* FirebaseFunctions in Frameworks */ = {isa = PBXBuildFile; productRef = 58833C272C5FDE05005C2160 /* FirebaseFunctions */; };
		58833C2A2C5FDE05005C2160 /* FirebaseInAppMessaging-Beta in Frameworks */ = {isa = PBXBuildFile; productRef = 58833C292C5FDE05005C2160 /* FirebaseInAppMessaging-Beta */; };
		58833C2C2C5FDE05005C2160 /* FirebaseMessaging in Frameworks */ = {isa = PBXBuildFile; productRef = 58833C2B2C5FDE05005C2160 /* FirebaseMessaging */; };
		58833C2E2C5FDE05005C2160 /* FirebaseStorage in Frameworks */ = {isa = PBXBuildFile; productRef = 58833C2D2C5FDE05005C2160 /* FirebaseStorage */; };
		588CE3D62C524EA900338878 /* AppDelegate.swift in Sources */ = {isa = PBXBuildFile; fileRef = 588CE3D52C524EA900338878 /* AppDelegate.swift */; };
		588CE3D82C524EA900338878 /* SceneDelegate.swift in Sources */ = {isa = PBXBuildFile; fileRef = 588CE3D72C524EA900338878 /* SceneDelegate.swift */; };
		588CE3DA2C524EA900338878 /* ViewController.swift in Sources */ = {isa = PBXBuildFile; fileRef = 588CE3D92C524EA900338878 /* ViewController.swift */; };
		588CE3DF2C524EAA00338878 /* Assets.xcassets in Resources */ = {isa = PBXBuildFile; fileRef = 588CE3DE2C524EAA00338878 /* Assets.xcassets */; };
		588CE3E22C524EAA00338878 /* Base in Resources */ = {isa = PBXBuildFile; fileRef = 588CE3E12C524EAA00338878 /* Base */; };
		589CCFFB2C608FDE00812D17 /* TestModel.swift in Sources */ = {isa = PBXBuildFile; fileRef = 589CCFFA2C608FDE00812D17 /* TestModel.swift */; };
		589CCFFD2C608FF100812D17 /* ProfileViewController.swift in Sources */ = {isa = PBXBuildFile; fileRef = 589CCFFC2C608FF100812D17 /* ProfileViewController.swift */; };
		589CCFFF2C608FFF00812D17 /* CommunityViewController.swift in Sources */ = {isa = PBXBuildFile; fileRef = 589CCFFE2C608FFF00812D17 /* CommunityViewController.swift */; };
		589CD0012C60901500812D17 /* GrowthDiaryViewController.swift in Sources */ = {isa = PBXBuildFile; fileRef = 589CD0002C60901500812D17 /* GrowthDiaryViewController.swift */; };
		79AA14992C69C2F1009F8209 /* GrowthDiaryListView.swift in Sources */ = {isa = PBXBuildFile; fileRef = 79AA14982C69C2F1009F8209 /* GrowthDiaryListView.swift */; };
/* End PBXBuildFile section */

/* Begin PBXCopyFilesBuildPhase section */
		467AB03B2C609BD40054E36D /* Embed Frameworks */ = {
			isa = PBXCopyFilesBuildPhase;
			buildActionMask = 2147483647;
			dstPath = "";
			dstSubfolderSpec = 10;
			files = (
			);
			name = "Embed Frameworks";
			runOnlyForDeploymentPostprocessing = 0;
		};
/* End PBXCopyFilesBuildPhase section */

/* Begin PBXFileReference section */
		467AB0382C6095AE0054E36D /* GoogleService-Info.plist */ = {isa = PBXFileReference; fileEncoding = 4; lastKnownFileType = text.plist.xml; path = "GoogleService-Info.plist"; sourceTree = "<group>"; };
		4693FACC2C60E87100BB70D6 /* DiaryModel.swift */ = {isa = PBXFileReference; lastKnownFileType = sourcecode.swift; path = DiaryModel.swift; sourceTree = "<group>"; };
		4693FACF2C60EB5200BB70D6 /* DiaryPostService.swift */ = {isa = PBXFileReference; lastKnownFileType = sourcecode.swift; path = DiaryPostService.swift; sourceTree = "<group>"; };
		469B44372C62F3BC00B1C49B /* SocialLoginButton.swift */ = {isa = PBXFileReference; lastKnownFileType = sourcecode.swift; path = SocialLoginButton.swift; sourceTree = "<group>"; };
		469B44392C62FDCA00B1C49B /* LoginViewController.swift */ = {isa = PBXFileReference; lastKnownFileType = sourcecode.swift; path = LoginViewController.swift; sourceTree = "<group>"; };
		588CE3D22C524EA900338878 /* ReptileHub.app */ = {isa = PBXFileReference; explicitFileType = wrapper.application; includeInIndex = 0; path = ReptileHub.app; sourceTree = BUILT_PRODUCTS_DIR; };
		588CE3D52C524EA900338878 /* AppDelegate.swift */ = {isa = PBXFileReference; lastKnownFileType = sourcecode.swift; path = AppDelegate.swift; sourceTree = "<group>"; };
		588CE3D72C524EA900338878 /* SceneDelegate.swift */ = {isa = PBXFileReference; lastKnownFileType = sourcecode.swift; path = SceneDelegate.swift; sourceTree = "<group>"; };
		588CE3D92C524EA900338878 /* ViewController.swift */ = {isa = PBXFileReference; lastKnownFileType = sourcecode.swift; path = ViewController.swift; sourceTree = "<group>"; };
		588CE3DE2C524EAA00338878 /* Assets.xcassets */ = {isa = PBXFileReference; lastKnownFileType = folder.assetcatalog; path = Assets.xcassets; sourceTree = "<group>"; };
		588CE3E12C524EAA00338878 /* Base */ = {isa = PBXFileReference; lastKnownFileType = file.storyboard; name = Base; path = Base.lproj/LaunchScreen.storyboard; sourceTree = "<group>"; };
		588CE3E32C524EAA00338878 /* Info.plist */ = {isa = PBXFileReference; lastKnownFileType = text.plist.xml; path = Info.plist; sourceTree = "<group>"; };
		589CCFFA2C608FDE00812D17 /* TestModel.swift */ = {isa = PBXFileReference; lastKnownFileType = sourcecode.swift; path = TestModel.swift; sourceTree = "<group>"; };
		589CCFFC2C608FF100812D17 /* ProfileViewController.swift */ = {isa = PBXFileReference; lastKnownFileType = sourcecode.swift; path = ProfileViewController.swift; sourceTree = "<group>"; };
		589CCFFE2C608FFF00812D17 /* CommunityViewController.swift */ = {isa = PBXFileReference; lastKnownFileType = sourcecode.swift; path = CommunityViewController.swift; sourceTree = "<group>"; };
		589CD0002C60901500812D17 /* GrowthDiaryViewController.swift */ = {isa = PBXFileReference; lastKnownFileType = sourcecode.swift; path = GrowthDiaryViewController.swift; sourceTree = "<group>"; };
		79AA14982C69C2F1009F8209 /* GrowthDiaryListView.swift */ = {isa = PBXFileReference; lastKnownFileType = sourcecode.swift; path = GrowthDiaryListView.swift; sourceTree = "<group>"; };
/* End PBXFileReference section */

/* Begin PBXFrameworksBuildPhase section */
		588CE3CF2C524EA800338878 /* Frameworks */ = {
			isa = PBXFrameworksBuildPhase;
			buildActionMask = 2147483647;
			files = (
				58833C2C2C5FDE05005C2160 /* FirebaseMessaging in Frameworks */,
				4693FACB2C60A3F200BB70D6 /* SnapKit in Frameworks */,
				58833C222C5FDE05005C2160 /* FirebaseAnalytics in Frameworks */,
				58833C242C5FDE05005C2160 /* FirebaseAuth in Frameworks */,
				58833C262C5FDE05005C2160 /* FirebaseFirestore in Frameworks */,
				58833C2E2C5FDE05005C2160 /* FirebaseStorage in Frameworks */,
				58833C282C5FDE05005C2160 /* FirebaseFunctions in Frameworks */,
				58833C2A2C5FDE05005C2160 /* FirebaseInAppMessaging-Beta in Frameworks */,
			);
			runOnlyForDeploymentPostprocessing = 0;
		};
/* End PBXFrameworksBuildPhase section */

/* Begin PBXGroup section */
		4693FACE2C60EB4000BB70D6 /* Service */ = {
			isa = PBXGroup;
			children = (
				4693FACF2C60EB5200BB70D6 /* DiaryPostService.swift */,
			);
			path = Service;
			sourceTree = "<group>";
		};
		584107DC2C5395A100DA47BA /* Controller */ = {
			isa = PBXGroup;
			children = (
				58833C312C5FDEE4005C2160 /* GrowthDiary */,
				58833C322C5FDEEC005C2160 /* Community */,
				58833C332C5FDEF3005C2160 /* Profile */,
				588CE3D92C524EA900338878 /* ViewController.swift */,
				469B44392C62FDCA00B1C49B /* LoginViewController.swift */,
			);
			path = Controller;
			sourceTree = "<group>";
		};
		58833C2F2C5FDEBE005C2160 /* Components */ = {
			isa = PBXGroup;
			children = (
			);
			path = Components;
			sourceTree = "<group>";
		};
		58833C302C5FDEC3005C2160 /* Extension */ = {
			isa = PBXGroup;
			children = (
			);
			path = Extension;
			sourceTree = "<group>";
		};
		58833C312C5FDEE4005C2160 /* GrowthDiary */ = {
			isa = PBXGroup;
			children = (
				589CD0002C60901500812D17 /* GrowthDiaryViewController.swift */,
			);
			path = GrowthDiary;
			sourceTree = "<group>";
		};
		58833C322C5FDEEC005C2160 /* Community */ = {
			isa = PBXGroup;
			children = (
				589CCFFE2C608FFF00812D17 /* CommunityViewController.swift */,
			);
			path = Community;
			sourceTree = "<group>";
		};
		58833C332C5FDEF3005C2160 /* Profile */ = {
			isa = PBXGroup;
			children = (
				589CCFFC2C608FF100812D17 /* ProfileViewController.swift */,
			);
			path = Profile;
			sourceTree = "<group>";
		};
		58833C342C5FDEFD005C2160 /* Model */ = {
			isa = PBXGroup;
			children = (
				589CCFFA2C608FDE00812D17 /* TestModel.swift */,
				469B44372C62F3BC00B1C49B /* SocialLoginButton.swift */,
				4693FACC2C60E87100BB70D6 /* DiaryModel.swift */,
			);
			path = Model;
			sourceTree = "<group>";
		};
		588CE3C92C524EA800338878 = {
			isa = PBXGroup;
			children = (
				588CE3D42C524EA900338878 /* ReptileHub */,
				588CE3D32C524EA900338878 /* Products */,
			);
			sourceTree = "<group>";
		};
		588CE3D32C524EA900338878 /* Products */ = {
			isa = PBXGroup;
			children = (
				588CE3D22C524EA900338878 /* ReptileHub.app */,
			);
			name = Products;
			sourceTree = "<group>";
		};
		588CE3D42C524EA900338878 /* ReptileHub */ = {
			isa = PBXGroup;
			children = (
				795776BB2C69B22F006D27A1 /* View */,
				58833C342C5FDEFD005C2160 /* Model */,
				4693FACE2C60EB4000BB70D6 /* Service */,
				588CE3D52C524EA900338878 /* AppDelegate.swift */,
				588CE3D72C524EA900338878 /* SceneDelegate.swift */,
				584107DC2C5395A100DA47BA /* Controller */,
				58833C302C5FDEC3005C2160 /* Extension */,
				58833C2F2C5FDEBE005C2160 /* Components */,
				588CE3DE2C524EAA00338878 /* Assets.xcassets */,
				588CE3E02C524EAA00338878 /* LaunchScreen.storyboard */,
				588CE3E32C524EAA00338878 /* Info.plist */,
				467AB0382C6095AE0054E36D /* GoogleService-Info.plist */,
			);
			path = ReptileHub;
			sourceTree = "<group>";
		};
		795776BB2C69B22F006D27A1 /* View */ = {
			isa = PBXGroup;
			children = (
				79AA14952C69C29D009F8209 /* GrowthDiary */,
			);
			path = View;
			sourceTree = "<group>";
		};
		79AA14952C69C29D009F8209 /* GrowthDiary */ = {
			isa = PBXGroup;
			children = (
				79AA14982C69C2F1009F8209 /* GrowthDiaryListView.swift */,
			);
			path = GrowthDiary;
			sourceTree = "<group>";
		};
/* End PBXGroup section */

/* Begin PBXNativeTarget section */
		588CE3D12C524EA800338878 /* ReptileHub */ = {
			isa = PBXNativeTarget;
			buildConfigurationList = 588CE3E62C524EAA00338878 /* Build configuration list for PBXNativeTarget "ReptileHub" */;
			buildPhases = (
				588CE3CE2C524EA800338878 /* Sources */,
				588CE3CF2C524EA800338878 /* Frameworks */,
				588CE3D02C524EA800338878 /* Resources */,
				467AB03B2C609BD40054E36D /* Embed Frameworks */,
			);
			buildRules = (
			);
			dependencies = (
			);
			name = ReptileHub;
			packageProductDependencies = (
				58833C212C5FDE05005C2160 /* FirebaseAnalytics */,
				58833C232C5FDE05005C2160 /* FirebaseAuth */,
				58833C252C5FDE05005C2160 /* FirebaseFirestore */,
				58833C272C5FDE05005C2160 /* FirebaseFunctions */,
				58833C292C5FDE05005C2160 /* FirebaseInAppMessaging-Beta */,
				58833C2B2C5FDE05005C2160 /* FirebaseMessaging */,
				58833C2D2C5FDE05005C2160 /* FirebaseStorage */,
				4693FACA2C60A3F200BB70D6 /* SnapKit */,
			);
			productName = ReptileHub;
			productReference = 588CE3D22C524EA900338878 /* ReptileHub.app */;
			productType = "com.apple.product-type.application";
		};
/* End PBXNativeTarget section */

/* Begin PBXProject section */
		588CE3CA2C524EA800338878 /* Project object */ = {
			isa = PBXProject;
			attributes = {
				BuildIndependentTargetsInParallel = 1;
				LastSwiftUpdateCheck = 1540;
				LastUpgradeCheck = 1540;
				TargetAttributes = {
					588CE3D12C524EA800338878 = {
						CreatedOnToolsVersion = 15.4;
					};
				};
			};
			buildConfigurationList = 588CE3CD2C524EA800338878 /* Build configuration list for PBXProject "ReptileHub" */;
			compatibilityVersion = "Xcode 14.0";
			developmentRegion = en;
			hasScannedForEncodings = 0;
			knownRegions = (
				en,
				Base,
			);
			mainGroup = 588CE3C92C524EA800338878;
			packageReferences = (
				58833C202C5FDE05005C2160 /* XCRemoteSwiftPackageReference "firebase-ios-sdk" */,
				4693FAC92C60A3F200BB70D6 /* XCRemoteSwiftPackageReference "SnapKit" */,
			);
			productRefGroup = 588CE3D32C524EA900338878 /* Products */;
			projectDirPath = "";
			projectRoot = "";
			targets = (
				588CE3D12C524EA800338878 /* ReptileHub */,
			);
		};
/* End PBXProject section */

/* Begin PBXResourcesBuildPhase section */
		588CE3D02C524EA800338878 /* Resources */ = {
			isa = PBXResourcesBuildPhase;
			buildActionMask = 2147483647;
			files = (
				588CE3DF2C524EAA00338878 /* Assets.xcassets in Resources */,
				588CE3E22C524EAA00338878 /* Base in Resources */,
				467AB0392C6095AE0054E36D /* GoogleService-Info.plist in Resources */,
			);
			runOnlyForDeploymentPostprocessing = 0;
		};
/* End PBXResourcesBuildPhase section */

/* Begin PBXSourcesBuildPhase section */
		588CE3CE2C524EA800338878 /* Sources */ = {
			isa = PBXSourcesBuildPhase;
			buildActionMask = 2147483647;
			files = (
				588CE3DA2C524EA900338878 /* ViewController.swift in Sources */,
				588CE3D62C524EA900338878 /* AppDelegate.swift in Sources */,
				469B44382C62F3BC00B1C49B /* SocialLoginButton.swift in Sources */,
				589CCFFF2C608FFF00812D17 /* CommunityViewController.swift in Sources */,
				589CCFFD2C608FF100812D17 /* ProfileViewController.swift in Sources */,
				588CE3D82C524EA900338878 /* SceneDelegate.swift in Sources */,
				4693FACD2C60E87100BB70D6 /* DiaryModel.swift in Sources */,
				79AA14992C69C2F1009F8209 /* GrowthDiaryListView.swift in Sources */,
				589CCFFB2C608FDE00812D17 /* TestModel.swift in Sources */,
				4693FAD02C60EB5200BB70D6 /* DiaryPostService.swift in Sources */,
				589CD0012C60901500812D17 /* GrowthDiaryViewController.swift in Sources */,
				469B443A2C62FDCA00B1C49B /* LoginViewController.swift in Sources */,
			);
			runOnlyForDeploymentPostprocessing = 0;
		};
/* End PBXSourcesBuildPhase section */

/* Begin PBXVariantGroup section */
		588CE3E02C524EAA00338878 /* LaunchScreen.storyboard */ = {
			isa = PBXVariantGroup;
			children = (
				588CE3E12C524EAA00338878 /* Base */,
			);
			name = LaunchScreen.storyboard;
			sourceTree = "<group>";
		};
/* End PBXVariantGroup section */

/* Begin XCBuildConfiguration section */
		588CE3E42C524EAA00338878 /* Debug */ = {
			isa = XCBuildConfiguration;
			buildSettings = {
				ALWAYS_SEARCH_USER_PATHS = NO;
				ASSETCATALOG_COMPILER_GENERATE_SWIFT_ASSET_SYMBOL_EXTENSIONS = YES;
				CLANG_ANALYZER_NONNULL = YES;
				CLANG_ANALYZER_NUMBER_OBJECT_CONVERSION = YES_AGGRESSIVE;
				CLANG_CXX_LANGUAGE_STANDARD = "gnu++20";
				CLANG_ENABLE_MODULES = YES;
				CLANG_ENABLE_OBJC_ARC = YES;
				CLANG_ENABLE_OBJC_WEAK = YES;
				CLANG_WARN_BLOCK_CAPTURE_AUTORELEASING = YES;
				CLANG_WARN_BOOL_CONVERSION = YES;
				CLANG_WARN_COMMA = YES;
				CLANG_WARN_CONSTANT_CONVERSION = YES;
				CLANG_WARN_DEPRECATED_OBJC_IMPLEMENTATIONS = YES;
				CLANG_WARN_DIRECT_OBJC_ISA_USAGE = YES_ERROR;
				CLANG_WARN_DOCUMENTATION_COMMENTS = YES;
				CLANG_WARN_EMPTY_BODY = YES;
				CLANG_WARN_ENUM_CONVERSION = YES;
				CLANG_WARN_INFINITE_RECURSION = YES;
				CLANG_WARN_INT_CONVERSION = YES;
				CLANG_WARN_NON_LITERAL_NULL_CONVERSION = YES;
				CLANG_WARN_OBJC_IMPLICIT_RETAIN_SELF = YES;
				CLANG_WARN_OBJC_LITERAL_CONVERSION = YES;
				CLANG_WARN_OBJC_ROOT_CLASS = YES_ERROR;
				CLANG_WARN_QUOTED_INCLUDE_IN_FRAMEWORK_HEADER = YES;
				CLANG_WARN_RANGE_LOOP_ANALYSIS = YES;
				CLANG_WARN_STRICT_PROTOTYPES = YES;
				CLANG_WARN_SUSPICIOUS_MOVE = YES;
				CLANG_WARN_UNGUARDED_AVAILABILITY = YES_AGGRESSIVE;
				CLANG_WARN_UNREACHABLE_CODE = YES;
				CLANG_WARN__DUPLICATE_METHOD_MATCH = YES;
				COPY_PHASE_STRIP = NO;
				DEBUG_INFORMATION_FORMAT = dwarf;
				ENABLE_STRICT_OBJC_MSGSEND = YES;
				ENABLE_TESTABILITY = YES;
				ENABLE_USER_SCRIPT_SANDBOXING = YES;
				GCC_C_LANGUAGE_STANDARD = gnu17;
				GCC_DYNAMIC_NO_PIC = NO;
				GCC_NO_COMMON_BLOCKS = YES;
				GCC_OPTIMIZATION_LEVEL = 0;
				GCC_PREPROCESSOR_DEFINITIONS = (
					"DEBUG=1",
					"$(inherited)",
				);
				GCC_WARN_64_TO_32_BIT_CONVERSION = YES;
				GCC_WARN_ABOUT_RETURN_TYPE = YES_ERROR;
				GCC_WARN_UNDECLARED_SELECTOR = YES;
				GCC_WARN_UNINITIALIZED_AUTOS = YES_AGGRESSIVE;
				GCC_WARN_UNUSED_FUNCTION = YES;
				GCC_WARN_UNUSED_VARIABLE = YES;
				IPHONEOS_DEPLOYMENT_TARGET = 17.5;
				LOCALIZATION_PREFERS_STRING_CATALOGS = YES;
				MTL_ENABLE_DEBUG_INFO = INCLUDE_SOURCE;
				MTL_FAST_MATH = YES;
				ONLY_ACTIVE_ARCH = YES;
				SDKROOT = iphoneos;
				SWIFT_ACTIVE_COMPILATION_CONDITIONS = "DEBUG $(inherited)";
				SWIFT_OPTIMIZATION_LEVEL = "-Onone";
			};
			name = Debug;
		};
		588CE3E52C524EAA00338878 /* Release */ = {
			isa = XCBuildConfiguration;
			buildSettings = {
				ALWAYS_SEARCH_USER_PATHS = NO;
				ASSETCATALOG_COMPILER_GENERATE_SWIFT_ASSET_SYMBOL_EXTENSIONS = YES;
				CLANG_ANALYZER_NONNULL = YES;
				CLANG_ANALYZER_NUMBER_OBJECT_CONVERSION = YES_AGGRESSIVE;
				CLANG_CXX_LANGUAGE_STANDARD = "gnu++20";
				CLANG_ENABLE_MODULES = YES;
				CLANG_ENABLE_OBJC_ARC = YES;
				CLANG_ENABLE_OBJC_WEAK = YES;
				CLANG_WARN_BLOCK_CAPTURE_AUTORELEASING = YES;
				CLANG_WARN_BOOL_CONVERSION = YES;
				CLANG_WARN_COMMA = YES;
				CLANG_WARN_CONSTANT_CONVERSION = YES;
				CLANG_WARN_DEPRECATED_OBJC_IMPLEMENTATIONS = YES;
				CLANG_WARN_DIRECT_OBJC_ISA_USAGE = YES_ERROR;
				CLANG_WARN_DOCUMENTATION_COMMENTS = YES;
				CLANG_WARN_EMPTY_BODY = YES;
				CLANG_WARN_ENUM_CONVERSION = YES;
				CLANG_WARN_INFINITE_RECURSION = YES;
				CLANG_WARN_INT_CONVERSION = YES;
				CLANG_WARN_NON_LITERAL_NULL_CONVERSION = YES;
				CLANG_WARN_OBJC_IMPLICIT_RETAIN_SELF = YES;
				CLANG_WARN_OBJC_LITERAL_CONVERSION = YES;
				CLANG_WARN_OBJC_ROOT_CLASS = YES_ERROR;
				CLANG_WARN_QUOTED_INCLUDE_IN_FRAMEWORK_HEADER = YES;
				CLANG_WARN_RANGE_LOOP_ANALYSIS = YES;
				CLANG_WARN_STRICT_PROTOTYPES = YES;
				CLANG_WARN_SUSPICIOUS_MOVE = YES;
				CLANG_WARN_UNGUARDED_AVAILABILITY = YES_AGGRESSIVE;
				CLANG_WARN_UNREACHABLE_CODE = YES;
				CLANG_WARN__DUPLICATE_METHOD_MATCH = YES;
				COPY_PHASE_STRIP = NO;
				DEBUG_INFORMATION_FORMAT = "dwarf-with-dsym";
				ENABLE_NS_ASSERTIONS = NO;
				ENABLE_STRICT_OBJC_MSGSEND = YES;
				ENABLE_USER_SCRIPT_SANDBOXING = YES;
				GCC_C_LANGUAGE_STANDARD = gnu17;
				GCC_NO_COMMON_BLOCKS = YES;
				GCC_WARN_64_TO_32_BIT_CONVERSION = YES;
				GCC_WARN_ABOUT_RETURN_TYPE = YES_ERROR;
				GCC_WARN_UNDECLARED_SELECTOR = YES;
				GCC_WARN_UNINITIALIZED_AUTOS = YES_AGGRESSIVE;
				GCC_WARN_UNUSED_FUNCTION = YES;
				GCC_WARN_UNUSED_VARIABLE = YES;
				IPHONEOS_DEPLOYMENT_TARGET = 17.5;
				LOCALIZATION_PREFERS_STRING_CATALOGS = YES;
				MTL_ENABLE_DEBUG_INFO = NO;
				MTL_FAST_MATH = YES;
				SDKROOT = iphoneos;
				SWIFT_COMPILATION_MODE = wholemodule;
				VALIDATE_PRODUCT = YES;
			};
			name = Release;
		};
		588CE3E72C524EAA00338878 /* Debug */ = {
			isa = XCBuildConfiguration;
			buildSettings = {
				ASSETCATALOG_COMPILER_APPICON_NAME = AppIcon;
				ASSETCATALOG_COMPILER_GLOBAL_ACCENT_COLOR_NAME = AccentColor;
				CODE_SIGN_STYLE = Automatic;
				CURRENT_PROJECT_VERSION = 1;
				DEVELOPMENT_TEAM = P95R3MRRWK;
				GENERATE_INFOPLIST_FILE = YES;
				INFOPLIST_FILE = ReptileHub/Info.plist;
				INFOPLIST_KEY_UIApplicationSupportsIndirectInputEvents = YES;
				INFOPLIST_KEY_UILaunchStoryboardName = LaunchScreen;
				INFOPLIST_KEY_UISupportedInterfaceOrientations_iPad = "UIInterfaceOrientationPortrait UIInterfaceOrientationPortraitUpsideDown UIInterfaceOrientationLandscapeLeft UIInterfaceOrientationLandscapeRight";
				INFOPLIST_KEY_UISupportedInterfaceOrientations_iPhone = "UIInterfaceOrientationPortrait UIInterfaceOrientationLandscapeLeft UIInterfaceOrientationLandscapeRight";
				LD_RUNPATH_SEARCH_PATHS = (
					"$(inherited)",
					"@executable_path/Frameworks",
				);
				MARKETING_VERSION = 1.0;
				PRODUCT_BUNDLE_IDENTIFIER = kr.Bin.ReptileHub;
				PRODUCT_NAME = "$(TARGET_NAME)";
				SWIFT_EMIT_LOC_STRINGS = YES;
				SWIFT_VERSION = 5.0;
				TARGETED_DEVICE_FAMILY = "1,2";
			};
			name = Debug;
		};
		588CE3E82C524EAA00338878 /* Release */ = {
			isa = XCBuildConfiguration;
			buildSettings = {
				ASSETCATALOG_COMPILER_APPICON_NAME = AppIcon;
				ASSETCATALOG_COMPILER_GLOBAL_ACCENT_COLOR_NAME = AccentColor;
				CODE_SIGN_STYLE = Automatic;
				CURRENT_PROJECT_VERSION = 1;
				DEVELOPMENT_TEAM = P95R3MRRWK;
				GENERATE_INFOPLIST_FILE = YES;
				INFOPLIST_FILE = ReptileHub/Info.plist;
				INFOPLIST_KEY_UIApplicationSupportsIndirectInputEvents = YES;
				INFOPLIST_KEY_UILaunchStoryboardName = LaunchScreen;
				INFOPLIST_KEY_UISupportedInterfaceOrientations_iPad = "UIInterfaceOrientationPortrait UIInterfaceOrientationPortraitUpsideDown UIInterfaceOrientationLandscapeLeft UIInterfaceOrientationLandscapeRight";
				INFOPLIST_KEY_UISupportedInterfaceOrientations_iPhone = "UIInterfaceOrientationPortrait UIInterfaceOrientationLandscapeLeft UIInterfaceOrientationLandscapeRight";
				LD_RUNPATH_SEARCH_PATHS = (
					"$(inherited)",
					"@executable_path/Frameworks",
				);
				MARKETING_VERSION = 1.0;
				PRODUCT_BUNDLE_IDENTIFIER = kr.Bin.ReptileHub;
				PRODUCT_NAME = "$(TARGET_NAME)";
				SWIFT_EMIT_LOC_STRINGS = YES;
				SWIFT_VERSION = 5.0;
				TARGETED_DEVICE_FAMILY = "1,2";
			};
			name = Release;
		};
/* End XCBuildConfiguration section */

/* Begin XCConfigurationList section */
		588CE3CD2C524EA800338878 /* Build configuration list for PBXProject "ReptileHub" */ = {
			isa = XCConfigurationList;
			buildConfigurations = (
				588CE3E42C524EAA00338878 /* Debug */,
				588CE3E52C524EAA00338878 /* Release */,
			);
			defaultConfigurationIsVisible = 0;
			defaultConfigurationName = Release;
		};
		588CE3E62C524EAA00338878 /* Build configuration list for PBXNativeTarget "ReptileHub" */ = {
			isa = XCConfigurationList;
			buildConfigurations = (
				588CE3E72C524EAA00338878 /* Debug */,
				588CE3E82C524EAA00338878 /* Release */,
			);
			defaultConfigurationIsVisible = 0;
			defaultConfigurationName = Release;
		};
/* End XCConfigurationList section */

/* Begin XCRemoteSwiftPackageReference section */
		4693FAC92C60A3F200BB70D6 /* XCRemoteSwiftPackageReference "SnapKit" */ = {
			isa = XCRemoteSwiftPackageReference;
			repositoryURL = "https://github.com/SnapKit/SnapKit.git";
			requirement = {
				kind = upToNextMajorVersion;
				minimumVersion = 5.7.1;
			};
		};
		58833C202C5FDE05005C2160 /* XCRemoteSwiftPackageReference "firebase-ios-sdk" */ = {
			isa = XCRemoteSwiftPackageReference;
			repositoryURL = "https://github.com/firebase/firebase-ios-sdk";
			requirement = {
				kind = upToNextMajorVersion;
				minimumVersion = 11.0.0;
			};
		};
/* End XCRemoteSwiftPackageReference section */

/* Begin XCSwiftPackageProductDependency section */
		4693FACA2C60A3F200BB70D6 /* SnapKit */ = {
			isa = XCSwiftPackageProductDependency;
			package = 4693FAC92C60A3F200BB70D6 /* XCRemoteSwiftPackageReference "SnapKit" */;
			productName = SnapKit;
		};
		58833C212C5FDE05005C2160 /* FirebaseAnalytics */ = {
			isa = XCSwiftPackageProductDependency;
			package = 58833C202C5FDE05005C2160 /* XCRemoteSwiftPackageReference "firebase-ios-sdk" */;
			productName = FirebaseAnalytics;
		};
		58833C232C5FDE05005C2160 /* FirebaseAuth */ = {
			isa = XCSwiftPackageProductDependency;
			package = 58833C202C5FDE05005C2160 /* XCRemoteSwiftPackageReference "firebase-ios-sdk" */;
			productName = FirebaseAuth;
		};
		58833C252C5FDE05005C2160 /* FirebaseFirestore */ = {
			isa = XCSwiftPackageProductDependency;
			package = 58833C202C5FDE05005C2160 /* XCRemoteSwiftPackageReference "firebase-ios-sdk" */;
			productName = FirebaseFirestore;
		};
		58833C272C5FDE05005C2160 /* FirebaseFunctions */ = {
			isa = XCSwiftPackageProductDependency;
			package = 58833C202C5FDE05005C2160 /* XCRemoteSwiftPackageReference "firebase-ios-sdk" */;
			productName = FirebaseFunctions;
		};
		58833C292C5FDE05005C2160 /* FirebaseInAppMessaging-Beta */ = {
			isa = XCSwiftPackageProductDependency;
			package = 58833C202C5FDE05005C2160 /* XCRemoteSwiftPackageReference "firebase-ios-sdk" */;
			productName = "FirebaseInAppMessaging-Beta";
		};
		58833C2B2C5FDE05005C2160 /* FirebaseMessaging */ = {
			isa = XCSwiftPackageProductDependency;
			package = 58833C202C5FDE05005C2160 /* XCRemoteSwiftPackageReference "firebase-ios-sdk" */;
			productName = FirebaseMessaging;
		};
		58833C2D2C5FDE05005C2160 /* FirebaseStorage */ = {
			isa = XCSwiftPackageProductDependency;
			package = 58833C202C5FDE05005C2160 /* XCRemoteSwiftPackageReference "firebase-ios-sdk" */;
			productName = FirebaseStorage;
		};
/* End XCSwiftPackageProductDependency section */
	};
	rootObject = 588CE3CA2C524EA800338878 /* Project object */;
}
